# THIS IS AN AUTOGENERATED FILE. DO NOT EDIT THIS FILE DIRECTLY.
# yarn lockfile v1


"@babel/helper-validator-identifier@^7.10.4":
  version "7.10.4"
  resolved "https://registry.yarnpkg.com/@babel/helper-validator-identifier/-/helper-validator-identifier-7.10.4.tgz#a78c7a7251e01f616512d31b10adcf52ada5e0d2"
  integrity sha512-3U9y+43hz7ZM+rzG24Qe2mufW5KhvFg/NhnNph+i9mgCtdTCtMJuI1TMkrIUiK7Ix4PYlRF9I5dhqaLYA/ADXw==

"@babel/parser@^7.12.0":
  version "7.12.3"
  resolved "https://registry.yarnpkg.com/@babel/parser/-/parser-7.12.3.tgz#a305415ebe7a6c7023b40b5122a0662d928334cd"
  integrity sha512-kFsOS0IbsuhO5ojF8Hc8z/8vEIOkylVBrjiZUbLTE3XFe0Qi+uu6HjzQixkFaqr0ZPAMZcBVxEwmsnsLPZ2Xsw==

"@babel/types@^7.12.0":
  version "7.12.1"
  resolved "https://registry.yarnpkg.com/@babel/types/-/types-7.12.1.tgz#e109d9ab99a8de735be287ee3d6a9947a190c4ae"
  integrity sha512-BzSY3NJBKM4kyatSOWh3D/JJ2O3CVzBybHWxtgxnggaxEuaSTTDqeiSb/xk9lrkw2Tbqyivw5ZU4rT+EfznQsA==
  dependencies:
    "@babel/helper-validator-identifier" "^7.10.4"
    lodash "^4.17.19"
    to-fast-properties "^2.0.0"

"@cloudflare/kv-asset-handler@^0.1.0":
  version "0.1.0"
  resolved "https://registry.yarnpkg.com/@cloudflare/kv-asset-handler/-/kv-asset-handler-0.1.0.tgz#0febbf4ac6dd04d2c069405cffdcc7cf64b95494"
  integrity sha512-sXZRw/Z5JJfi/nGh66SECSm5L2zomyf6f9O3nc5QOI11/R3W/4N+BPOecp/Dc8eL/q/Rwgb7lwhhjnqy8O5CYA==
  dependencies:
    "@cloudflare/workers-types" "^2.0.0"
    "@types/mime" "^2.0.2"
    mime "^2.4.6"

"@cloudflare/workers-types@^2.0.0":
  version "2.1.0"
  resolved "https://registry.yarnpkg.com/@cloudflare/workers-types/-/workers-types-2.1.0.tgz#6e4f07567f4c914ad811c2d7a6172d0ae834c7f6"
  integrity sha512-VmXaHTq0lt6Xre4aK1hUK25hjZjuEUkHtdUEt0FJamv+NzQO54Gwp6Zr5Cfu6SP5EQ/tTmTMP/tK9npA8zhcCg==

"@nodelib/fs.scandir@2.1.3":
  version "2.1.3"
  resolved "https://registry.yarnpkg.com/@nodelib/fs.scandir/-/fs.scandir-2.1.3.tgz#3a582bdb53804c6ba6d146579c46e52130cf4a3b"
  integrity sha512-eGmwYQn3gxo4r7jdQnkrrN6bY478C3P+a/y72IJukF8LjB6ZHeB3c+Ehacj3sYeSmUXGlnA67/PmbM9CVwL7Dw==
  dependencies:
    "@nodelib/fs.stat" "2.0.3"
    run-parallel "^1.1.9"

"@nodelib/fs.stat@2.0.3", "@nodelib/fs.stat@^2.0.2":
  version "2.0.3"
  resolved "https://registry.yarnpkg.com/@nodelib/fs.stat/-/fs.stat-2.0.3.tgz#34dc5f4cabbc720f4e60f75a747e7ecd6c175bd3"
  integrity sha512-bQBFruR2TAwoevBEd/NWMoAAtNGzTRgdrqnYCc7dhzfoNvqPzLyqlEQnzZ3kVnNrSp25iyxE00/3h2fqGAGArA==

"@nodelib/fs.walk@^1.2.3":
  version "1.2.4"
  resolved "https://registry.yarnpkg.com/@nodelib/fs.walk/-/fs.walk-1.2.4.tgz#011b9202a70a6366e436ca5c065844528ab04976"
  integrity sha512-1V9XOY4rDW0rehzbrcqAmHnz8e7SKvX27gh8Gt2WgB0+pdzdiLV83p72kZPU+jvMbS1qU5mauP2iOvO8rhmurQ==
  dependencies:
    "@nodelib/fs.scandir" "2.1.3"
    fastq "^1.6.0"

"@peculiar/asn1-schema@^2.0.27":
  version "2.0.27"
  resolved "https://registry.yarnpkg.com/@peculiar/asn1-schema/-/asn1-schema-2.0.27.tgz#1ee3b2b869ff3200bcc8ec60e6c87bd5a6f03fe0"
  integrity sha512-1tIx7iL3Ma3HtnNS93nB7nhyI0soUJypElj9owd4tpMrRDmeJ8eZubsdq1sb0KSaCs5RqZNoABCP6m5WtnlVhQ==
  dependencies:
    "@types/asn1js" "^2.0.0"
    asn1js "^2.0.26"
    pvtsutils "^1.1.1"
    tslib "^2.0.3"

"@peculiar/json-schema@^1.1.12":
  version "1.1.12"
  resolved "https://registry.yarnpkg.com/@peculiar/json-schema/-/json-schema-1.1.12.tgz#fe61e85259e3b5ba5ad566cb62ca75b3d3cd5339"
  integrity sha512-coUfuoMeIB7B8/NMekxaDzLhaYmp0HZNPEjYRm9goRou8UZIC3z21s0sL9AWoCw4EG876QyO3kYrc61WNF9B/w==
  dependencies:
    tslib "^2.0.0"

"@rollup/plugin-commonjs@^17.0.0":
  version "17.0.0"
  resolved "https://registry.yarnpkg.com/@rollup/plugin-commonjs/-/plugin-commonjs-17.0.0.tgz#2ae2228354cf0fbba6cf9f06f30b2c66a974324c"
  integrity sha512-/omBIJG1nHQc+bgkYDuLpb/V08QyutP9amOrJRUSlYJZP+b/68gM//D8sxJe3Yry2QnYIr3QjR3x4AlxJEN3GA==
  dependencies:
    "@rollup/pluginutils" "^3.1.0"
    commondir "^1.0.1"
    estree-walker "^2.0.1"
    glob "^7.1.6"
    is-reference "^1.2.1"
    magic-string "^0.25.7"
    resolve "^1.17.0"

"@rollup/plugin-json@^4.1.0":
  version "4.1.0"
  resolved "https://registry.yarnpkg.com/@rollup/plugin-json/-/plugin-json-4.1.0.tgz#54e09867ae6963c593844d8bd7a9c718294496f3"
  integrity sha512-yfLbTdNS6amI/2OpmbiBoW12vngr5NW2jCJVZSBEz+H5KfUJZ2M7sDjk0U6GOOdCWFVScShte29o9NezJ53TPw==
  dependencies:
    "@rollup/pluginutils" "^3.0.8"

"@rollup/plugin-node-resolve@^11.0.0":
  version "11.0.1"
  resolved "https://registry.yarnpkg.com/@rollup/plugin-node-resolve/-/plugin-node-resolve-11.0.1.tgz#d3765eec4bccf960801439a999382aed2dca959b"
  integrity sha512-ltlsj/4Bhwwhb+Nb5xCz/6vieuEj2/BAkkqVIKmZwC7pIdl8srmgmglE4S0jFlZa32K4qvdQ6NHdmpRKD/LwoQ==
  dependencies:
    "@rollup/pluginutils" "^3.1.0"
    "@types/resolve" "1.17.1"
    builtin-modules "^3.1.0"
    deepmerge "^4.2.2"
    is-module "^1.0.0"
    resolve "^1.19.0"

"@rollup/plugin-replace@^2.3.3", "@rollup/plugin-replace@^2.3.4":
  version "2.3.4"
  resolved "https://registry.yarnpkg.com/@rollup/plugin-replace/-/plugin-replace-2.3.4.tgz#7dd84c17755d62b509577f2db37eb524d7ca88ca"
  integrity sha512-waBhMzyAtjCL1GwZes2jaE9MjuQ/DQF2BatH3fRivUF3z0JBFrU0U6iBNC/4WR+2rLKhaAhPWDNPYp4mI6RqdQ==
  dependencies:
    "@rollup/pluginutils" "^3.1.0"
    magic-string "^0.25.7"

"@rollup/plugin-virtual@^2.0.3":
  version "2.0.3"
  resolved "https://registry.yarnpkg.com/@rollup/plugin-virtual/-/plugin-virtual-2.0.3.tgz#0afc88d75c1e1378ab290b8e9898d4edb5be0d74"
  integrity sha512-pw6ziJcyjZtntQ//bkad9qXaBx665SgEL8C8KI5wO8G5iU5MPxvdWrQyVaAvjojGm9tJoS8M9Z/EEepbqieYmw==

"@rollup/pluginutils@^3.0.8", "@rollup/pluginutils@^3.1.0":
  version "3.1.0"
  resolved "https://registry.yarnpkg.com/@rollup/pluginutils/-/pluginutils-3.1.0.tgz#706b4524ee6dc8b103b3c995533e5ad680c02b9b"
  integrity sha512-GksZ6pr6TpIjHm8h9lSQ8pi8BE9VeubNT0OMJ3B5uZJ8pz73NPiqOtCog/x2/QzM1ENChPKxMDhiQuRHsqc+lg==
  dependencies:
    "@types/estree" "0.0.39"
    estree-walker "^1.0.1"
    picomatch "^2.2.2"

"@rollup/pluginutils@^4.1.0":
  version "4.1.0"
  resolved "https://registry.yarnpkg.com/@rollup/pluginutils/-/pluginutils-4.1.0.tgz#0dcc61c780e39257554feb7f77207dceca13c838"
  integrity sha512-TrBhfJkFxA+ER+ew2U2/fHbebhLT/l/2pRk0hfj9KusXUuRXd2v0R58AfaZK9VXDQ4TogOSEmICVrQAA3zFnHQ==
  dependencies:
    estree-walker "^2.0.1"
    picomatch "^2.2.2"

"@types/asn1js@^2.0.0":
  version "2.0.0"
  resolved "https://registry.yarnpkg.com/@types/asn1js/-/asn1js-2.0.0.tgz#10ca75692575744d0117098148a8dc84cbee6682"
  integrity sha512-Jjzp5EqU0hNpADctc/UqhiFbY1y2MqIxBVa2S4dBlbnZHTLPMuggoL5q43X63LpsOIINRDirBjP56DUUKIUWIA==

"@types/estree@*":
  version "0.0.45"
  resolved "https://registry.yarnpkg.com/@types/estree/-/estree-0.0.45.tgz#e9387572998e5ecdac221950dab3e8c3b16af884"
  integrity sha512-jnqIUKDUqJbDIUxm0Uj7bnlMnRm1T/eZ9N+AVMqhPgzrba2GhGG5o/jCTwmdPK709nEZsGoMzXEDUjcXHa3W0g==

"@types/estree@0.0.39":
  version "0.0.39"
  resolved "https://registry.yarnpkg.com/@types/estree/-/estree-0.0.39.tgz#e177e699ee1b8c22d23174caaa7422644389509f"
  integrity sha512-EYNwp3bU+98cpU4lAWYYL7Zz+2gryWH1qbdDTidVd6hkiR6weksdbMadyXKXNPEkQFhXM+hVO9ZygomHXp+AIw==

"@types/mime@^2.0.2":
  version "2.0.3"
  resolved "https://registry.yarnpkg.com/@types/mime/-/mime-2.0.3.tgz#c893b73721db73699943bfc3653b1deb7faa4a3a"
  integrity sha512-Jus9s4CDbqwocc5pOAnh8ShfrnMcPHuJYzVcSUU7lrh8Ni5HuIqX3oilL86p3dlTrk0LzHRCgA/GQ7uNCw6l2Q==

"@types/node@*":
  version "14.14.6"
  resolved "https://registry.yarnpkg.com/@types/node/-/node-14.14.6.tgz#146d3da57b3c636cc0d1769396ce1cfa8991147f"
  integrity sha512-6QlRuqsQ/Ox/aJEQWBEJG7A9+u7oSYl3mem/K8IzxXG/kAGbV1YPD9Bg9Zw3vyxC/YP+zONKwy8hGkSt1jxFMw==

"@types/resolve@1.17.1":
  version "1.17.1"
  resolved "https://registry.yarnpkg.com/@types/resolve/-/resolve-1.17.1.tgz#3afd6ad8967c77e4376c598a82ddd58f46ec45d6"
  integrity sha512-yy7HuzQhj0dhGpD8RLXSZWEkLsV9ibvxvi6EiJ3bkqLAO1RGo0WbkWQiwpRlSFymTJRz0d3k5LM3kkx8ArDbLw==
  dependencies:
    "@types/node" "*"

"@vitejs/plugin-vue@^1.1.4":
  version "1.1.4"
  resolved "https://registry.yarnpkg.com/@vitejs/plugin-vue/-/plugin-vue-1.1.4.tgz#1dd388519b75439b7733601b55238ca691864796"
  integrity sha512-cUDILd++9jdhdjpuhgJofQqOabOKe+kTWTE2HQY2PBHEUO2fgwTurLE0cJg9UcIo1x4lHfsp+59S9TBCHgTZkw==

"@vue/compiler-core@3.0.2":
  version "3.0.2"
  resolved "https://registry.yarnpkg.com/@vue/compiler-core/-/compiler-core-3.0.2.tgz#7790b7a1fcbba5ace4d81a70ce59096fa5c95734"
  integrity sha512-GOlEMTlC/OdzBkKaKOniYErbkjoKxkBOmulxGmMR10I2JJX6TvXd/peaO/kla2xhpliV/M6Z4TLJp0yjAvRIAw==
  dependencies:
    "@babel/parser" "^7.12.0"
    "@babel/types" "^7.12.0"
    "@vue/shared" "3.0.2"
    estree-walker "^2.0.1"
    source-map "^0.6.1"

"@vue/compiler-core@3.0.5":
  version "3.0.5"
  resolved "https://registry.yarnpkg.com/@vue/compiler-core/-/compiler-core-3.0.5.tgz#a6e54cabe9536e74c6513acd2649f311af1d43ac"
  integrity sha512-iFXwk2gmU/GGwN4hpBwDWWMLvpkIejf/AybcFtlQ5V1ur+5jwfBaV0Y1RXoR6ePfBPJixtKZ3PmN+M+HgMAtfQ==
  dependencies:
    "@babel/parser" "^7.12.0"
    "@babel/types" "^7.12.0"
    "@vue/shared" "3.0.5"
    estree-walker "^2.0.1"
    source-map "^0.6.1"

"@vue/compiler-dom@3.0.2":
  version "3.0.2"
  resolved "https://registry.yarnpkg.com/@vue/compiler-dom/-/compiler-dom-3.0.2.tgz#1d40de04bcdf9aabb79fb6a802dd70a2f3c2992a"
  integrity sha512-jvaL4QF2yXBJVD+JLbM2YA3e5fNfflJnfQ+GtfYk46ENGsEetqbkZqcX7fO+RHdG8tZBo7LCNBvgD0QLr+V4sg==
  dependencies:
    "@vue/compiler-core" "3.0.2"
    "@vue/shared" "3.0.2"

"@vue/compiler-dom@3.0.5":
  version "3.0.5"
  resolved "https://registry.yarnpkg.com/@vue/compiler-dom/-/compiler-dom-3.0.5.tgz#7885a13e6d18f64dde8ebceec052ed2c102696c2"
  integrity sha512-HSOSe2XSPuCkp20h4+HXSiPH9qkhz6YbW9z9ZtL5vef2T2PMugH7/osIFVSrRZP/Ul5twFZ7MIRlp8tPX6e4/g==
  dependencies:
    "@vue/compiler-core" "3.0.5"
    "@vue/shared" "3.0.5"

"@vue/compiler-sfc@^3.0.5":
  version "3.0.5"
  resolved "https://registry.yarnpkg.com/@vue/compiler-sfc/-/compiler-sfc-3.0.5.tgz#3ae08e60244a72faf9598361874fb7bdb5b1d37c"
  integrity sha512-uOAC4X0Gx3SQ9YvDC7YMpbDvoCmPvP0afVhJoxRotDdJ+r8VO3q4hFf/2f7U62k4Vkdftp6DVni8QixrfYzs+w==
  dependencies:
    "@babel/parser" "^7.12.0"
    "@babel/types" "^7.12.0"
    "@vue/compiler-core" "3.0.5"
    "@vue/compiler-dom" "3.0.5"
    "@vue/compiler-ssr" "3.0.5"
    "@vue/shared" "3.0.5"
    consolidate "^0.16.0"
    estree-walker "^2.0.1"
    hash-sum "^2.0.0"
    lru-cache "^5.1.1"
    magic-string "^0.25.7"
    merge-source-map "^1.1.0"
    postcss "^7.0.32"
    postcss-modules "^3.2.2"
    postcss-selector-parser "^6.0.4"
    source-map "^0.6.1"

"@vue/compiler-ssr@3.0.5":
  version "3.0.5"
  resolved "https://registry.yarnpkg.com/@vue/compiler-ssr/-/compiler-ssr-3.0.5.tgz#7661ad891a0be948726c7f7ad1e425253c587b83"
  integrity sha512-Wm//Kuxa1DpgjE4P9W0coZr8wklOfJ35Jtq61CbU+t601CpPTK4+FL2QDBItaG7aoUUDCWL5nnxMkuaOgzTBKg==
  dependencies:
    "@vue/compiler-dom" "3.0.5"
    "@vue/shared" "3.0.5"

"@vue/reactivity@3.0.2":
  version "3.0.2"
  resolved "https://registry.yarnpkg.com/@vue/reactivity/-/reactivity-3.0.2.tgz#42ed5af6025b494a5e69b05169fcddf04eebfe77"
  integrity sha512-GdRloNcBar4yqWGXOcba1t//j/WizwfthfPUYkjcIPHjYnA/vTEQYp0C9+ZjPdinv1WRK1BSMeN/xj31kQES4A==
  dependencies:
    "@vue/shared" "3.0.2"

"@vue/runtime-core@3.0.2":
  version "3.0.2"
  resolved "https://registry.yarnpkg.com/@vue/runtime-core/-/runtime-core-3.0.2.tgz#d7ed462af1cb0bf9836668e4e6fab3f2f4b1bc00"
  integrity sha512-3m/jOs2xSipEFah9FgpEzvC9nERFonVGLN06+pf8iYPIy54Nlv7D2cyrk3Lhbjz4w3PbIrkxJnoTJYvJM7HDfA==
  dependencies:
    "@vue/reactivity" "3.0.2"
    "@vue/shared" "3.0.2"

"@vue/runtime-dom@3.0.2":
  version "3.0.2"
  resolved "https://registry.yarnpkg.com/@vue/runtime-dom/-/runtime-dom-3.0.2.tgz#9d166d03225558025d3d80f5039b646e0051b71c"
  integrity sha512-vqC1KK1yWthTw1FKzajT0gYQaEqAq7bpeeXQC473nllGC5YHbJhNAJLSmrDun1tjXqGF0UNCWYljYm+++BJv6w==
  dependencies:
    "@vue/runtime-core" "3.0.2"
    "@vue/shared" "3.0.2"
    csstype "^2.6.8"

"@vue/server-renderer@^3.0.5":
  version "3.0.5"
  resolved "https://registry.yarnpkg.com/@vue/server-renderer/-/server-renderer-3.0.5.tgz#1197e7d7b7874e15de284798a3932ec425ffe593"
  integrity sha512-aB4TymBESEbCJ6A9HfeFpS3U9dC6dRa1zUqWHJqGlikqKr38n0VSYA3lNt0Qnkd6SFDSN6Kn5O34Ih3saMk9KA==
  dependencies:
    "@vue/compiler-ssr" "3.0.5"
    "@vue/shared" "3.0.5"

"@vue/shared@3.0.2":
  version "3.0.2"
  resolved "https://registry.yarnpkg.com/@vue/shared/-/shared-3.0.2.tgz#419bd85a2ebdbd4f42963e98c5a1b103452176d9"
  integrity sha512-Zx869zlNoujFOclKIoYmkh8ES2RcS/+Jn546yOiPyZ+3+Ejivnr+fb8l+DdXUEFjo+iVDNR3KyLzg03aBFfZ4Q==

"@vue/shared@3.0.5":
  version "3.0.5"
  resolved "https://registry.yarnpkg.com/@vue/shared/-/shared-3.0.5.tgz#c131d88bd6713cc4d93b3bb1372edb1983225ff0"
  integrity sha512-gYsNoGkWejBxNO6SNRjOh/xKeZ0H0V+TFzaPzODfBjkAIb0aQgBuixC1brandC/CDJy1wYPwSoYrXpvul7m6yw==

ansi-styles@^3.2.1:
  version "3.2.1"
  resolved "https://registry.yarnpkg.com/ansi-styles/-/ansi-styles-3.2.1.tgz#41fbb20243e50b12be0f04b8dedbf07520ce841d"
  integrity sha512-VT0ZI6kZRdTh8YyJw3SMbYm/u+NqfsAxEpWO0Pf9sq8/e94WxxOpPKx9FR1FlyCtOVDNOQ+8ntlqFxiRc+r5qA==
  dependencies:
    color-convert "^1.9.0"

arg@^4.1.0:
  version "4.1.3"
  resolved "https://registry.yarnpkg.com/arg/-/arg-4.1.3.tgz#269fc7ad5b8e42cb63c896d5666017261c144089"
  integrity sha512-58S9QDqG0Xx27YwPSt9fJxivjYl432YCwfDMfZ+71RAqUrZef7LrKQZ3LHLOwCS4FLNBplP533Zx895SeOCHvA==

asn1js@^2.0.26:
  version "2.0.26"
  resolved "https://registry.yarnpkg.com/asn1js/-/asn1js-2.0.26.tgz#0a6d435000f556a96c6012969d9704d981b71251"
  integrity sha512-yG89F0j9B4B0MKIcFyWWxnpZPLaNTjCj4tkE3fjbAoo0qmpGw0PYYqSbX/4ebnd9Icn8ZgK4K1fvDyEtW1JYtQ==
  dependencies:
    pvutils latest

balanced-match@^1.0.0:
  version "1.0.0"
  resolved "https://registry.yarnpkg.com/balanced-match/-/balanced-match-1.0.0.tgz#89b4d199ab2bee49de164ea02b89ce462d71b767"
  integrity sha1-ibTRmasr7kneFk6gK4nORi1xt2c=

big.js@^5.2.2:
  version "5.2.2"
  resolved "https://registry.yarnpkg.com/big.js/-/big.js-5.2.2.tgz#65f0af382f578bcdc742bd9c281e9cb2d7768328"
  integrity sha512-vyL2OymJxmarO8gxMr0mhChsO9QGwhynfuu4+MHTAW6czfq9humCB7rKpUjDd9YUiDPU4mzpyupFSvOClAwbmQ==

bluebird@^3.7.2:
  version "3.7.2"
  resolved "https://registry.yarnpkg.com/bluebird/-/bluebird-3.7.2.tgz#9f229c15be272454ffa973ace0dbee79a1b0c36f"
  integrity sha512-XpNj6GDQzdfW+r2Wnn7xiSAd7TM3jzkxGXBGTtWKuSXv1xUV+azxAm8jdWZN06QTQk+2N2XB9jRDkvbmQmcRtg==

brace-expansion@^1.1.7:
  version "1.1.11"
  resolved "https://registry.yarnpkg.com/brace-expansion/-/brace-expansion-1.1.11.tgz#3c7fcbf529d87226f3d2f52b966ff5271eb441dd"
  integrity sha512-iCuPHDFgrHX7H2vEI/5xpz07zSHB00TpugqhmYtVmMO6518mCuRMoOYFldEBl0g187ufozdaHgWKcYFb61qGiA==
  dependencies:
    balanced-match "^1.0.0"
    concat-map "0.0.1"

braces@^3.0.1:
  version "3.0.2"
  resolved "https://registry.yarnpkg.com/braces/-/braces-3.0.2.tgz#3454e1a462ee8d599e236df336cd9ea4f8afe107"
  integrity sha512-b8um+L1RzM3WDSzvhm6gIz1yfTbBt6YTlcEKAvsmqCZZFw46z626lVj9j1yEPW33H5H+lBQpZMP1k8l+78Ha0A==
  dependencies:
    fill-range "^7.0.1"

buffer-from@^1.0.0:
  version "1.1.1"
  resolved "https://registry.yarnpkg.com/buffer-from/-/buffer-from-1.1.1.tgz#32713bc028f75c02fdb710d7c7bcec1f2c6070ef"
  integrity sha512-MQcXEUbCKtEo7bhqEs6560Hyd4XaovZlO/k9V3hjVUF/zwW7KBVdSK4gIt/bzwS9MbR5qob+F5jusZsb0YQK2A==

builtin-modules@^3.1.0:
  version "3.1.0"
  resolved "https://registry.yarnpkg.com/builtin-modules/-/builtin-modules-3.1.0.tgz#aad97c15131eb76b65b50ef208e7584cd76a7484"
  integrity sha512-k0KL0aWZuBt2lrxrcASWDfwOLMnodeQjodT/1SxEQAXsHANgo6ZC/VEaSEHCXt7aSTZ4/4H5LKa+tBXmW7Vtvw==

chalk@^2.4.2:
  version "2.4.2"
  resolved "https://registry.yarnpkg.com/chalk/-/chalk-2.4.2.tgz#cd42541677a54333cf541a49108c1432b44c9424"
  integrity sha512-Mti+f9lpJNcwF4tWV8/OrTTtF1gZi+f8FqlyAdouralcFWFQWF2+NgCHShjkCb+IFBLq9buZwE1xckQU4peSuQ==
  dependencies:
    ansi-styles "^3.2.1"
    escape-string-regexp "^1.0.5"
    supports-color "^5.3.0"

color-convert@^1.9.0:
  version "1.9.3"
  resolved "https://registry.yarnpkg.com/color-convert/-/color-convert-1.9.3.tgz#bb71850690e1f136567de629d2d5471deda4c1e8"
  integrity sha512-QfAUtd+vFdAtFQcC8CCyYt1fYWxSqAiK2cSD6zDB8N3cpsEBAvRxp9zOGg6G/SHHJYAT88/az/IuDGALsNVbGg==
  dependencies:
    color-name "1.1.3"

color-name@1.1.3:
  version "1.1.3"
  resolved "https://registry.yarnpkg.com/color-name/-/color-name-1.1.3.tgz#a7d0558bd89c42f795dd42328f740831ca53bc25"
  integrity sha1-p9BVi9icQveV3UIyj3QIMcpTvCU=

colorette@^1.2.1:
  version "1.2.1"
  resolved "https://registry.yarnpkg.com/colorette/-/colorette-1.2.1.tgz#4d0b921325c14faf92633086a536db6e89564b1b"
  integrity sha512-puCDz0CzydiSYOrnXpz/PKd69zRrribezjtE9yd4zvytoRc8+RY/KJPvtPFKZS3E3wP6neGyMe0vOTlHO5L3Pw==

commondir@^1.0.1:
  version "1.0.1"
  resolved "https://registry.yarnpkg.com/commondir/-/commondir-1.0.1.tgz#ddd800da0c66127393cca5950ea968a3aaf1253b"
  integrity sha1-3dgA2gxmEnOTzKWVDqloo6rxJTs=

concat-map@0.0.1:
  version "0.0.1"
  resolved "https://registry.yarnpkg.com/concat-map/-/concat-map-0.0.1.tgz#d8a96bd77fd68df7793a73036a3ba0d5405d477b"
  integrity sha1-2Klr13/Wjfd5OnMDajug1UBdR3s=

consolidate@^0.16.0:
  version "0.16.0"
  resolved "https://registry.yarnpkg.com/consolidate/-/consolidate-0.16.0.tgz#a11864768930f2f19431660a65906668f5fbdc16"
  integrity sha512-Nhl1wzCslqXYTJVDyJCu3ODohy9OfBMB5uD2BiBTzd7w+QY0lBzafkR8y8755yMYHAaMD4NuzbAw03/xzfw+eQ==
  dependencies:
    bluebird "^3.7.2"

create-require@^1.1.0:
  version "1.1.1"
  resolved "https://registry.yarnpkg.com/create-require/-/create-require-1.1.1.tgz#c1d7e8f1e5f6cfc9ff65f9cd352d37348756c333"
  integrity sha512-dcKFX3jn0MpIaXjisoRvexIJVEKzaq7z2rZKxf+MSr9TkdmHmsU4m2lcLojrj/FHl8mk5VxMmYA+ftRkP/3oKQ==

cssesc@^3.0.0:
  version "3.0.0"
  resolved "https://registry.yarnpkg.com/cssesc/-/cssesc-3.0.0.tgz#37741919903b868565e1c09ea747445cd18983ee"
  integrity sha512-/Tb/JcjK111nNScGob5MNtsntNM1aCNUDipB/TkwZFhyDrrE47SOx/18wF2bbjgc3ZzCSKW1T5nt5EbFoAz/Vg==

csstype@^2.6.8:
  version "2.6.13"
  resolved "https://registry.yarnpkg.com/csstype/-/csstype-2.6.13.tgz#a6893015b90e84dd6e85d0e3b442a1e84f2dbe0f"
  integrity sha512-ul26pfSQTZW8dcOnD2iiJssfXw0gdNVX9IJDH/X3K5DGPfj+fUYe3kB+swUY6BF3oZDxaID3AJt+9/ojSAE05A==

deepmerge@^4.2.2:
  version "4.2.2"
  resolved "https://registry.yarnpkg.com/deepmerge/-/deepmerge-4.2.2.tgz#44d2ea3679b8f4d4ffba33f03d865fc1e7bf4955"
  integrity sha512-FJ3UgI4gIl+PHZm53knsuSFpE+nESMr7M4v9QcgB7S63Kj/6WqMiFQJpBBYz1Pt+66bZpP3Q7Lye0Oo9MPKEdg==

diff@^4.0.1:
  version "4.0.2"
  resolved "https://registry.yarnpkg.com/diff/-/diff-4.0.2.tgz#60f3aecb89d5fae520c11aa19efc2bb982aade7d"
  integrity sha512-58lmxKSA4BNyLz+HHMUzlOEpg09FV+ev6ZMe3vJihgdxzgcwZ8VoEEPmALCZG9LmqfVoNMMKpttIYTVG6uDY7A==

emojis-list@^3.0.0:
  version "3.0.0"
  resolved "https://registry.yarnpkg.com/emojis-list/-/emojis-list-3.0.0.tgz#5570662046ad29e2e916e71aae260abdff4f6a78"
  integrity sha512-/kyM18EfinwXZbno9FyUGeFh87KC8HRQBQGildHZbEuRyWFOmv1U10o9BBp8XVZDVNNuQKyIGIu5ZYAAXJ0V2Q==

esbuild@^0.8.22:
  version "0.8.31"
  resolved "https://registry.yarnpkg.com/esbuild/-/esbuild-0.8.31.tgz#c21e7adb3ad283c951a53de7ad64a5ae2df2ed34"
  integrity sha512-7EIU0VdUxltwivjVezX3HgeNzeIVR1snkrAo57WdUnuBMykdzin5rTrxwCDM6xQqj0RL/HjOEm3wFr2ijHKeaA==

esbuild@^0.8.34:
  version "0.8.43"
  resolved "https://registry.yarnpkg.com/esbuild/-/esbuild-0.8.43.tgz#19d79f8c6d1cc6dadd50942057a5aff906a1ecf2"
  integrity sha512-ZVE2CpootS4jtnfV0bbtJdgRsHEXcMP0P7ZXGfTmNzzhBr2e5ag7Vp3ry0jmw8zduJz4iHzxg4m5jtPxWERz1w==

escape-string-regexp@^1.0.5:
  version "1.0.5"
  resolved "https://registry.yarnpkg.com/escape-string-regexp/-/escape-string-regexp-1.0.5.tgz#1b61c0562190a8dff6ae3bb2cf0200ca130b86d4"
  integrity sha1-G2HAViGQqN/2rjuyzwIAyhMLhtQ=

estree-walker@^1.0.1:
  version "1.0.1"
  resolved "https://registry.yarnpkg.com/estree-walker/-/estree-walker-1.0.1.tgz#31bc5d612c96b704106b477e6dd5d8aa138cb700"
  integrity sha512-1fMXF3YP4pZZVozF8j/ZLfvnR8NSIljt56UhbZ5PeeDmmGHpgpdwQt7ITlGvYaQukCvuBRMLEiKiYC+oeIg4cg==

estree-walker@^2.0.1:
  version "2.0.1"
  resolved "https://registry.yarnpkg.com/estree-walker/-/estree-walker-2.0.1.tgz#f8e030fb21cefa183b44b7ad516b747434e7a3e0"
  integrity sha512-tF0hv+Yi2Ot1cwj9eYHtxC0jB9bmjacjQs6ZBTj82H8JwUywFuc+7E83NWfNMwHXZc11mjfFcVXPe9gEP4B8dg==

fast-glob@^3.2.4:
  version "3.2.4"
  resolved "https://registry.yarnpkg.com/fast-glob/-/fast-glob-3.2.4.tgz#d20aefbf99579383e7f3cc66529158c9b98554d3"
  integrity sha512-kr/Oo6PX51265qeuCYsyGypiO5uJFgBS0jksyG7FUeCyQzNwYnzrNIMR1NXfkZXsMYXYLRAHgISHBz8gQcxKHQ==
  dependencies:
    "@nodelib/fs.stat" "^2.0.2"
    "@nodelib/fs.walk" "^1.2.3"
    glob-parent "^5.1.0"
    merge2 "^1.3.0"
    micromatch "^4.0.2"
    picomatch "^2.2.1"

fastq@^1.6.0:
  version "1.9.0"
  resolved "https://registry.yarnpkg.com/fastq/-/fastq-1.9.0.tgz#e16a72f338eaca48e91b5c23593bcc2ef66b7947"
  integrity sha512-i7FVWL8HhVY+CTkwFxkN2mk3h+787ixS5S63eb78diVRc1MCssarHq3W5cj0av7YDSwmaV928RNag+U1etRQ7w==
  dependencies:
    reusify "^1.0.4"

fill-range@^7.0.1:
  version "7.0.1"
  resolved "https://registry.yarnpkg.com/fill-range/-/fill-range-7.0.1.tgz#1919a6a7c75fe38b2c7c77e5198535da9acdda40"
  integrity sha512-qOo9F+dMUmC2Lcb4BbVvnKJxTPjCm+RRpe4gDuGrzkL7mEVl/djYSu2OdQ2Pa302N4oqkSg9ir6jaLWJ2USVpQ==
  dependencies:
    to-regex-range "^5.0.1"

fs.realpath@^1.0.0:
  version "1.0.0"
  resolved "https://registry.yarnpkg.com/fs.realpath/-/fs.realpath-1.0.0.tgz#1504ad2523158caa40db4a2787cb01411994ea4f"
  integrity sha1-FQStJSMVjKpA20onh8sBQRmU6k8=

fsevents@~2.1.2:
  version "2.1.3"
  resolved "https://registry.yarnpkg.com/fsevents/-/fsevents-2.1.3.tgz#fb738703ae8d2f9fe900c33836ddebee8b97f23e"
  integrity sha512-Auw9a4AxqWpa9GUfj370BMPzzyncfBABW8Mab7BGWBYDj4Isgq+cDKtx0i6u9jcX9pQDnswsaaOTgTmA5pEjuQ==

fsevents@~2.3.1:
  version "2.3.2"
  resolved "https://registry.yarnpkg.com/fsevents/-/fsevents-2.3.2.tgz#8a526f78b8fdf4623b709e0b975c52c24c02fd1a"
  integrity sha512-xiqMQR4xAeHTuB9uWm+fFRcIOgKBMiOBP+eXiyT7jsgVCq1bkVygt00oASowB7EdtpOHaaPgKt812P9ab+DDKA==

function-bind@^1.1.1:
  version "1.1.1"
  resolved "https://registry.yarnpkg.com/function-bind/-/function-bind-1.1.1.tgz#a56899d3ea3c9bab874bb9773b7c5ede92f4895d"
  integrity sha512-yIovAzMX49sF8Yl58fSCWJ5svSLuaibPxXQJFLmBObTuCr0Mf1KiPopGM9NiFjiYBCbfaa2Fh6breQ6ANVTI0A==

generic-names@^2.0.1:
  version "2.0.1"
  resolved "https://registry.yarnpkg.com/generic-names/-/generic-names-2.0.1.tgz#f8a378ead2ccaa7a34f0317b05554832ae41b872"
  integrity sha512-kPCHWa1m9wGG/OwQpeweTwM/PYiQLrUIxXbt/P4Nic3LbGjCP0YwrALHW1uNLKZ0LIMg+RF+XRlj2ekT9ZlZAQ==
  dependencies:
    loader-utils "^1.1.0"

glob-parent@^5.1.0:
  version "5.1.1"
  resolved "https://registry.yarnpkg.com/glob-parent/-/glob-parent-5.1.1.tgz#b6c1ef417c4e5663ea498f1c45afac6916bbc229"
  integrity sha512-FnI+VGOpnlGHWZxthPGR+QhR78fuiK0sNLkHQv+bL9fQi57lNNdquIbna/WrfROrolq8GK5Ek6BiMwqL/voRYQ==
  dependencies:
    is-glob "^4.0.1"

glob@^7.1.6:
  version "7.1.6"
  resolved "https://registry.yarnpkg.com/glob/-/glob-7.1.6.tgz#141f33b81a7c2492e125594307480c46679278a6"
  integrity sha512-LwaxwyZ72Lk7vZINtNNrywX0ZuLyStrdDtabefZKAY5ZGJhVtgdznluResxNmPitE0SAO+O26sWTHeKSI2wMBA==
  dependencies:
    fs.realpath "^1.0.0"
    inflight "^1.0.4"
    inherits "2"
    minimatch "^3.0.4"
    once "^1.3.0"
    path-is-absolute "^1.0.0"

has-flag@^3.0.0:
  version "3.0.0"
  resolved "https://registry.yarnpkg.com/has-flag/-/has-flag-3.0.0.tgz#b5d454dc2199ae225699f3467e5a07f3b955bafd"
  integrity sha1-tdRU3CGZriJWmfNGfloH87lVuv0=

has@^1.0.3:
  version "1.0.3"
  resolved "https://registry.yarnpkg.com/has/-/has-1.0.3.tgz#722d7cbfc1f6aa8241f16dd814e011e1f41e8796"
  integrity sha512-f2dvO0VU6Oej7RkWJGrehjbzMAjFp5/VKPp5tTpWIV4JHHZK1/BxbFRtf/siA2SWTe09caDmVtYYzWEIbBS4zw==
  dependencies:
    function-bind "^1.1.1"

hash-sum@^2.0.0:
  version "2.0.0"
  resolved "https://registry.yarnpkg.com/hash-sum/-/hash-sum-2.0.0.tgz#81d01bb5de8ea4a214ad5d6ead1b523460b0b45a"
  integrity sha512-WdZTbAByD+pHfl/g9QSsBIIwy8IT+EsPiKDs0KNX+zSHhdDLFKdZu0BQHljvO+0QI/BasbMSUa8wYNCZTvhslg==

icss-replace-symbols@^1.1.0:
  version "1.1.0"
  resolved "https://registry.yarnpkg.com/icss-replace-symbols/-/icss-replace-symbols-1.1.0.tgz#06ea6f83679a7749e386cfe1fe812ae5db223ded"
  integrity sha1-Bupvg2ead0njhs/h/oEq5dsiPe0=

icss-utils@^4.0.0, icss-utils@^4.1.1:
  version "4.1.1"
  resolved "https://registry.yarnpkg.com/icss-utils/-/icss-utils-4.1.1.tgz#21170b53789ee27447c2f47dd683081403f9a467"
  integrity sha512-4aFq7wvWyMHKgxsH8QQtGpvbASCf+eM3wPRLI6R+MgAnTCZ6STYsRvttLvRWK0Nfif5piF394St3HeJDaljGPA==
  dependencies:
    postcss "^7.0.14"

indexes-of@^1.0.1:
  version "1.0.1"
  resolved "https://registry.yarnpkg.com/indexes-of/-/indexes-of-1.0.1.tgz#f30f716c8e2bd346c7b67d3df3915566a7c05607"
  integrity sha1-8w9xbI4r00bHtn0985FVZqfAVgc=

inflight@^1.0.4:
  version "1.0.6"
  resolved "https://registry.yarnpkg.com/inflight/-/inflight-1.0.6.tgz#49bd6331d7d02d0c09bc910a1075ba8165b56df9"
  integrity sha1-Sb1jMdfQLQwJvJEKEHW6gWW1bfk=
  dependencies:
    once "^1.3.0"
    wrappy "1"

inherits@2:
  version "2.0.4"
  resolved "https://registry.yarnpkg.com/inherits/-/inherits-2.0.4.tgz#0fa2c64f932917c3433a0ded55363aae37416b7c"
  integrity sha512-k/vGaX4/Yla3WzyMCvTQOXYeIHvqOKtnqBduzTHpzpQZzAskKMhZ2K+EnBiSM9zGSoIFeMpXKxa4dYeZIQqewQ==

is-core-module@^2.0.0:
  version "2.0.0"
  resolved "https://registry.yarnpkg.com/is-core-module/-/is-core-module-2.0.0.tgz#58531b70aed1db7c0e8d4eb1a0a2d1ddd64bd12d"
  integrity sha512-jq1AH6C8MuteOoBPwkxHafmByhL9j5q4OaPGdbuD+ZtQJVzH+i6E3BJDQcBA09k57i2Hh2yQbEG8yObZ0jdlWw==
  dependencies:
    has "^1.0.3"

is-core-module@^2.1.0:
  version "2.2.0"
  resolved "https://registry.yarnpkg.com/is-core-module/-/is-core-module-2.2.0.tgz#97037ef3d52224d85163f5597b2b63d9afed981a"
  integrity sha512-XRAfAdyyY5F5cOXn7hYQDqh2Xmii+DEfIcQGxK/uNwMHhIkPWO0g8msXcbzLe+MpGoR951MlqM/2iIlU4vKDdQ==
  dependencies:
    has "^1.0.3"

is-extglob@^2.1.1:
  version "2.1.1"
  resolved "https://registry.yarnpkg.com/is-extglob/-/is-extglob-2.1.1.tgz#a88c02535791f02ed37c76a1b9ea9773c833f8c2"
  integrity sha1-qIwCU1eR8C7TfHahueqXc8gz+MI=

is-glob@^4.0.1:
  version "4.0.1"
  resolved "https://registry.yarnpkg.com/is-glob/-/is-glob-4.0.1.tgz#7567dbe9f2f5e2467bc77ab83c4a29482407a5dc"
  integrity sha512-5G0tKtBTFImOqDnLB2hG6Bp2qcKEFduo4tZu9MT/H6NQv/ghhy30o55ufafxJ/LdH79LLs2Kfrn85TLKyA7BUg==
  dependencies:
    is-extglob "^2.1.1"

is-module@^1.0.0:
  version "1.0.0"
  resolved "https://registry.yarnpkg.com/is-module/-/is-module-1.0.0.tgz#3258fb69f78c14d5b815d664336b4cffb6441591"
  integrity sha1-Mlj7afeMFNW4FdZkM2tM/7ZEFZE=

is-number@^7.0.0:
  version "7.0.0"
  resolved "https://registry.yarnpkg.com/is-number/-/is-number-7.0.0.tgz#7535345b896734d5f80c4d06c50955527a14f12b"
  integrity sha512-41Cifkg6e8TylSpdtTpeLVMqvSBEVzTttHvERD741+pnZ8ANv0004MRL43QKPDlK9cGvNp6NZWZUBlbGXYxxng==

is-plain-obj@^2.1.0:
  version "2.1.0"
  resolved "https://registry.yarnpkg.com/is-plain-obj/-/is-plain-obj-2.1.0.tgz#45e42e37fccf1f40da8e5f76ee21515840c09287"
  integrity sha512-YWnfyRwxL/+SsrWYfOpUtz5b3YD+nyfkHvjbcanzk8zgyO4ASD67uVMRt8k5bM4lLMDnXfriRhOpemw+NfT1eA==

is-reference@^1.2.1:
  version "1.2.1"
  resolved "https://registry.yarnpkg.com/is-reference/-/is-reference-1.2.1.tgz#8b2dac0b371f4bc994fdeaba9eb542d03002d0b7"
  integrity sha512-U82MsXXiFIrjCK4otLT+o2NA2Cd2g5MLoOVXUZjIOhLurrRxpEXzI8O0KZHr3IjLvlAH1kTPYSuqer5T9ZVBKQ==
  dependencies:
    "@types/estree" "*"

joycon@^2.2.5:
  version "2.2.5"
  resolved "https://registry.yarnpkg.com/joycon/-/joycon-2.2.5.tgz#8d4cf4cbb2544d7b7583c216fcdfec19f6be1615"
  integrity sha512-YqvUxoOcVPnCp0VU1/56f+iKSdvIRJYPznH22BdXV3xMk75SFXhWeJkZ8C9XxUWt1b5x2X1SxuFygW1U0FmkEQ==

json5@^1.0.1:
  version "1.0.1"
  resolved "https://registry.yarnpkg.com/json5/-/json5-1.0.1.tgz#779fb0018604fa854eacbf6252180d83543e3dbe"
  integrity sha512-aKS4WQjPenRxiQsC93MNfjx+nbF4PAdYzmd/1JIj8HYzqfbu86beTuNgXDzPknWk0n0uARlyewZo4s++ES36Ow==
  dependencies:
    minimist "^1.2.0"

loader-utils@^1.1.0:
  version "1.4.0"
  resolved "https://registry.yarnpkg.com/loader-utils/-/loader-utils-1.4.0.tgz#c579b5e34cb34b1a74edc6c1fb36bfa371d5a613"
  integrity sha512-qH0WSMBtn/oHuwjy/NucEgbx5dbxxnxup9s4PVXJUDHZBQY+s0NWA9rJf53RBnQZxfch7euUui7hpoAPvALZdA==
  dependencies:
    big.js "^5.2.2"
    emojis-list "^3.0.0"
    json5 "^1.0.1"

lodash.camelcase@^4.3.0:
  version "4.3.0"
  resolved "https://registry.yarnpkg.com/lodash.camelcase/-/lodash.camelcase-4.3.0.tgz#b28aa6288a2b9fc651035c7711f65ab6190331a6"
  integrity sha1-soqmKIorn8ZRA1x3EfZathkDMaY=

lodash@^4.17.19:
  version "4.17.20"
  resolved "https://registry.yarnpkg.com/lodash/-/lodash-4.17.20.tgz#b44a9b6297bcb698f1c51a3545a2b3b368d59c52"
  integrity sha512-PlhdFcillOINfeV7Ni6oF1TAEayyZBoZ8bcshTHqOYJYlrqzRK5hagpagky5o4HfCzzd1TRkXPMFq6cKk9rGmA==

lru-cache@^5.1.1:
  version "5.1.1"
  resolved "https://registry.yarnpkg.com/lru-cache/-/lru-cache-5.1.1.tgz#1da27e6710271947695daf6848e847f01d84b920"
  integrity sha512-KpNARQA3Iwv+jTA0utUVVbrh+Jlrr1Fv0e56GGzAFOXN7dk/FviaDW8LHmK52DlcH4WP2n6gI8vN1aesBFgo9w==
  dependencies:
    yallist "^3.0.2"

magic-string@^0.25.7:
  version "0.25.7"
  resolved "https://registry.yarnpkg.com/magic-string/-/magic-string-0.25.7.tgz#3f497d6fd34c669c6798dcb821f2ef31f5445051"
  integrity sha512-4CrMT5DOHTDk4HYDlzmwu4FVCcIYI8gauveasrdCu2IKIFOJ3f0v/8MDGJCDL9oD2ppz/Av1b0Nj345H9M+XIA==
  dependencies:
    sourcemap-codec "^1.4.4"

make-error@^1.1.1:
  version "1.3.6"
  resolved "https://registry.yarnpkg.com/make-error/-/make-error-1.3.6.tgz#2eb2e37ea9b67c4891f684a1394799af484cf7a2"
  integrity sha512-s8UhlNe7vPKomQhC1qFelMokr/Sc3AgNbso3n74mVPA5LTZwkB9NlXf4XPamLxJE8h0gh73rM94xvwRT2CVInw==

merge-options@^3.0.3:
  version "3.0.3"
  resolved "https://registry.yarnpkg.com/merge-options/-/merge-options-3.0.3.tgz#802b401f0de8dfae00d2a1e2dab9759b3dd98fe4"
  integrity sha512-jytfjQxL5mVrtD9O24zOXU4neV3uVbQdn1F0o1pzSa1yH9LTEUOtfwpWSsyAxrrrXqAFTxaU4ynqkmekHLvYew==
  dependencies:
    is-plain-obj "^2.1.0"

merge-source-map@^1.1.0:
  version "1.1.0"
  resolved "https://registry.yarnpkg.com/merge-source-map/-/merge-source-map-1.1.0.tgz#2fdde7e6020939f70906a68f2d7ae685e4c8c646"
  integrity sha512-Qkcp7P2ygktpMPh2mCQZaf3jhN6D3Z/qVZHSdWvQ+2Ef5HgRAPBO57A77+ENm0CPx2+1Ce/MYKi3ymqdfuqibw==
  dependencies:
    source-map "^0.6.1"

merge2@^1.3.0:
  version "1.4.1"
  resolved "https://registry.yarnpkg.com/merge2/-/merge2-1.4.1.tgz#4368892f885e907455a6fd7dc55c0c9d404990ae"
  integrity sha512-8q7VEgMJW4J8tcfVPy8g09NcQwZdbwFEqhe/WZkoIzjn/3TGDwtOCYtXGxA3O8tPzpczCCDgv+P2P5y00ZJOOg==

micromatch@^4.0.2:
  version "4.0.2"
  resolved "https://registry.yarnpkg.com/micromatch/-/micromatch-4.0.2.tgz#4fcb0999bf9fbc2fcbdd212f6d629b9a56c39259"
  integrity sha512-y7FpHSbMUMoyPbYUSzO6PaZ6FyRnQOpHuKwbo1G+Knck95XVU4QAiKdGEnj5wwoS7PlOgthX/09u5iFJ+aYf5Q==
  dependencies:
    braces "^3.0.1"
    picomatch "^2.0.5"

mime@^2.4.6:
  version "2.4.6"
  resolved "https://registry.yarnpkg.com/mime/-/mime-2.4.6.tgz#e5b407c90db442f2beb5b162373d07b69affa4d1"
  integrity sha512-RZKhC3EmpBchfTGBVb8fb+RL2cWyw/32lshnsETttkBAyAUXSGHxbEJWWRXc751DrIxG1q04b8QwMbAwkRPpUA==

minimatch@^3.0.4:
  version "3.0.4"
  resolved "https://registry.yarnpkg.com/minimatch/-/minimatch-3.0.4.tgz#5166e286457f03306064be5497e8dbb0c3d32083"
  integrity sha512-yJHVQEhyqPLUTgt9B83PXu6W3rx4MvvHvSUvToogpwoGDOUQ+yDrR0HRot+yOCdCO7u4hX3pWft6kWBBcqh0UA==
  dependencies:
    brace-expansion "^1.1.7"

minimist@^1.2.0:
  version "1.2.5"
  resolved "https://registry.yarnpkg.com/minimist/-/minimist-1.2.5.tgz#67d66014b66a6a8aaa0c083c5fd58df4e4e97602"
  integrity sha512-FM9nNUYrRBAELZQT3xeZQ7fmMOBg6nWNmJKTcgsJeaLstP/UODVpGsr5OhXhhXg6f+qtJ8uiZ+PUxkDWcgIXLw==

mkdirp@^1.0.4:
  version "1.0.4"
  resolved "https://registry.yarnpkg.com/mkdirp/-/mkdirp-1.0.4.tgz#3eb5ed62622756d79a5f0e2a221dfebad75c2f7e"
  integrity sha512-vVqVZQyf3WLx2Shd0qJ9xuvqgAyKPLAiqITEtqW0oIUjzo3PePDd6fW9iFz30ef7Ysp/oiWqbhszeGWW2T6Gzw==

multienv-loader@^1.2.0:
  version "1.2.0"
  resolved "https://registry.yarnpkg.com/multienv-loader/-/multienv-loader-1.2.0.tgz#58db5e6f0365e8d62bbc6c0cf39ac039970834aa"
  integrity sha512-LcgQpI83YUuaTm/kCPMy5DVxV2xrDp4/yKxHwljzy5qK/nW42tu3nvbh/dvgLlS3rr03DjjYYW2vKU0OJDVjKQ==

nan@^2.14.1:
  version "2.14.2"
  resolved "https://registry.yarnpkg.com/nan/-/nan-2.14.2.tgz#f5376400695168f4cc694ac9393d0c9585eeea19"
  integrity sha512-M2ufzIiINKCuDfBSAUr1vWQ+vuVcA9kqx8JJUsbQi6yf1uGRyb7HfpdfUr5qLXf3B/t8dPvcjhKMmlfnP47EzQ==

nanoid@^3.1.20:
  version "3.1.20"
  resolved "https://registry.yarnpkg.com/nanoid/-/nanoid-3.1.20.tgz#badc263c6b1dcf14b71efaa85f6ab4c1d6cfc788"
  integrity sha512-a1cQNyczgKbLX9jwbS/+d7W8fX/RfgYR7lVWwWOGIPNgK2m0MWvrGF6/m4kk6U3QcFMnZf3RIhL0v2Jgh/0Uxw==

node-fetch@^2.6.1:
  version "2.6.1"
  resolved "https://registry.yarnpkg.com/node-fetch/-/node-fetch-2.6.1.tgz#045bd323631f76ed2e2b55573394416b639a0052"
  integrity sha512-V4aYg89jEoVRxRb2fJdAg8FHvI7cEyYdVAh94HH0UIK8oJxUfkjlDQN9RbMx+bEjP7+ggMiFRprSti032Oipxw==

node-webcrypto-ossl@^2.1.2:
  version "2.1.2"
  resolved "https://registry.yarnpkg.com/node-webcrypto-ossl/-/node-webcrypto-ossl-2.1.2.tgz#f7bd052867ec1e995a346e5694e3e05308069fd1"
  integrity sha512-EkrrRUWW+2QrsZ8PZfPSaRlWg38WOv2/mZTcW0l2SbEYERJ0G3OkW6kBiTpzUtcM+2PBaspNRZPfpBvvLp0NTQ==
  dependencies:
    mkdirp "^1.0.4"
    nan "^2.14.1"
    pvtsutils "^1.0.11"
    tslib "^2.0.1"
    webcrypto-core "^1.1.6"

once@^1.3.0:
  version "1.4.0"
  resolved "https://registry.yarnpkg.com/once/-/once-1.4.0.tgz#583b1aa775961d4b113ac17d9c50baef9dd76bd1"
  integrity sha1-WDsap3WWHUsROsF9nFC6753Xa9E=
  dependencies:
    wrappy "1"

path-is-absolute@^1.0.0:
  version "1.0.1"
  resolved "https://registry.yarnpkg.com/path-is-absolute/-/path-is-absolute-1.0.1.tgz#174b9268735534ffbc7ace6bf53a5a9e1b5c5f5f"
  integrity sha1-F0uSaHNVNP+8es5r9TpanhtcX18=

path-parse@^1.0.6:
  version "1.0.6"
  resolved "https://registry.yarnpkg.com/path-parse/-/path-parse-1.0.6.tgz#d62dbb5679405d72c4737ec58600e9ddcf06d24c"
  integrity sha512-GSmOT2EbHrINBf9SR7CDELwlJ8AENk3Qn7OikK4nFYAu3Ote2+JYNVvkpAEQm3/TLNEJFD/xZJjzyxg3KBWOzw==

picomatch@^2.0.5, picomatch@^2.2.1, picomatch@^2.2.2:
  version "2.2.2"
  resolved "https://registry.yarnpkg.com/picomatch/-/picomatch-2.2.2.tgz#21f333e9b6b8eaff02468f5146ea406d345f4dad"
  integrity sha512-q0M/9eZHzmr0AulXyPwNfZjtwZ/RBZlbN3K3CErVrk50T2ASYI7Bye0EvekFY3IP1Nt2DHu0re+V2ZHIpMkuWg==

postcss-modules-extract-imports@^2.0.0:
  version "2.0.0"
  resolved "https://registry.yarnpkg.com/postcss-modules-extract-imports/-/postcss-modules-extract-imports-2.0.0.tgz#818719a1ae1da325f9832446b01136eeb493cd7e"
  integrity sha512-LaYLDNS4SG8Q5WAWqIJgdHPJrDDr/Lv775rMBFUbgjTz6j34lUznACHcdRWroPvXANP2Vj7yNK57vp9eFqzLWQ==
  dependencies:
    postcss "^7.0.5"

postcss-modules-local-by-default@^3.0.2:
  version "3.0.3"
  resolved "https://registry.yarnpkg.com/postcss-modules-local-by-default/-/postcss-modules-local-by-default-3.0.3.tgz#bb14e0cc78279d504dbdcbfd7e0ca28993ffbbb0"
  integrity sha512-e3xDq+LotiGesympRlKNgaJ0PCzoUIdpH0dj47iWAui/kyTgh3CiAr1qP54uodmJhl6p9rN6BoNcdEDVJx9RDw==
  dependencies:
    icss-utils "^4.1.1"
    postcss "^7.0.32"
    postcss-selector-parser "^6.0.2"
    postcss-value-parser "^4.1.0"

postcss-modules-scope@^2.2.0:
  version "2.2.0"
  resolved "https://registry.yarnpkg.com/postcss-modules-scope/-/postcss-modules-scope-2.2.0.tgz#385cae013cc7743f5a7d7602d1073a89eaae62ee"
  integrity sha512-YyEgsTMRpNd+HmyC7H/mh3y+MeFWevy7V1evVhJWewmMbjDHIbZbOXICC2y+m1xI1UVfIT1HMW/O04Hxyu9oXQ==
  dependencies:
    postcss "^7.0.6"
    postcss-selector-parser "^6.0.0"

postcss-modules-values@^3.0.0:
  version "3.0.0"
  resolved "https://registry.yarnpkg.com/postcss-modules-values/-/postcss-modules-values-3.0.0.tgz#5b5000d6ebae29b4255301b4a3a54574423e7f10"
  integrity sha512-1//E5jCBrZ9DmRX+zCtmQtRSV6PV42Ix7Bzj9GbwJceduuf7IqP8MgeTXuRDHOWj2m0VzZD5+roFWDuU8RQjcg==
  dependencies:
    icss-utils "^4.0.0"
    postcss "^7.0.6"

postcss-modules@^3.2.2:
  version "3.2.2"
  resolved "https://registry.yarnpkg.com/postcss-modules/-/postcss-modules-3.2.2.tgz#ee390de0f9f18e761e1778dfb9be26685c02c51f"
  integrity sha512-JQ8IAqHELxC0N6tyCg2UF40pACY5oiL6UpiqqcIFRWqgDYO8B0jnxzoQ0EOpPrWXvcpu6BSbQU/3vSiq7w8Nhw==
  dependencies:
    generic-names "^2.0.1"
    icss-replace-symbols "^1.1.0"
    lodash.camelcase "^4.3.0"
    postcss "^7.0.32"
    postcss-modules-extract-imports "^2.0.0"
    postcss-modules-local-by-default "^3.0.2"
    postcss-modules-scope "^2.2.0"
    postcss-modules-values "^3.0.0"
    string-hash "^1.1.1"

postcss-selector-parser@^6.0.0, postcss-selector-parser@^6.0.2, postcss-selector-parser@^6.0.4:
  version "6.0.4"
  resolved "https://registry.yarnpkg.com/postcss-selector-parser/-/postcss-selector-parser-6.0.4.tgz#56075a1380a04604c38b063ea7767a129af5c2b3"
  integrity sha512-gjMeXBempyInaBqpp8gODmwZ52WaYsVOsfr4L4lDQ7n3ncD6mEyySiDtgzCT+NYC0mmeOLvtsF8iaEf0YT6dBw==
  dependencies:
    cssesc "^3.0.0"
    indexes-of "^1.0.1"
    uniq "^1.0.1"
    util-deprecate "^1.0.2"

postcss-value-parser@^4.1.0:
  version "4.1.0"
  resolved "https://registry.yarnpkg.com/postcss-value-parser/-/postcss-value-parser-4.1.0.tgz#443f6a20ced6481a2bda4fa8532a6e55d789a2cb"
  integrity sha512-97DXOFbQJhk71ne5/Mt6cOu6yxsSfM0QGQyl0L25Gca4yGWEGJaig7l7gbCX623VqTBNGLRLaVUCnNkcedlRSQ==

postcss@^7.0.14, postcss@^7.0.32, postcss@^7.0.5, postcss@^7.0.6:
  version "7.0.35"
  resolved "https://registry.yarnpkg.com/postcss/-/postcss-7.0.35.tgz#d2be00b998f7f211d8a276974079f2e92b970e24"
  integrity sha512-3QT8bBJeX/S5zKTTjTCIjRF3If4avAT6kqxcASlTWEtAFCb9NH0OUxNDfgZSWdP5fJnBYCMEWkIFfWeugjzYMg==
  dependencies:
    chalk "^2.4.2"
    source-map "^0.6.1"
    supports-color "^6.1.0"

postcss@^8.2.1:
  version "8.2.5"
  resolved "https://registry.yarnpkg.com/postcss/-/postcss-8.2.5.tgz#3c75149ada4e93db9521913654c0144517f77c9a"
  integrity sha512-wMcb7BpDcm3gxQOQx46NDNT36Kk0Ao6PJLLI2ed5vehbbbxCEuslSQzbQ2sfSKy+gkYxhWcGWSeaK+gwm4KIZg==
  dependencies:
    colorette "^1.2.1"
    nanoid "^3.1.20"
    source-map "^0.6.1"

pvtsutils@^1.0.11, pvtsutils@^1.1.1, pvtsutils@^1.1.2:
  version "1.1.2"
  resolved "https://registry.yarnpkg.com/pvtsutils/-/pvtsutils-1.1.2.tgz#483d72f4baa5e354466e68ff783ce8a9e2810030"
  integrity sha512-Yfm9Dsk1zfEpOWCaJaHfqtNXAFWNNHMFSCLN6jTnhuCCBCC2nqge4sAgo7UrkRBoAAYIL8TN/6LlLoNfZD/b5A==
  dependencies:
    tslib "^2.1.0"

pvutils@latest:
  version "1.0.17"
  resolved "https://registry.yarnpkg.com/pvutils/-/pvutils-1.0.17.tgz#ade3c74dfe7178944fe44806626bd2e249d996bf"
  integrity sha512-wLHYUQxWaXVQvKnwIDWFVKDJku9XDCvyhhxoq8dc5MFdIlRenyPI9eSfEtcvgHgD7FlvCyGAlWgOzRnZD99GZQ==

resolve@^1.17.0:
  version "1.18.1"
  resolved "https://registry.yarnpkg.com/resolve/-/resolve-1.18.1.tgz#018fcb2c5b207d2a6424aee361c5a266da8f4130"
  integrity sha512-lDfCPaMKfOJXjy0dPayzPdF1phampNWr3qFCjAu+rw/qbQmr5jWH5xN2hwh9QKfw9E5v4hwV7A+jrCmL8yjjqA==
  dependencies:
    is-core-module "^2.0.0"
    path-parse "^1.0.6"

resolve@^1.19.0:
  version "1.19.0"
  resolved "https://registry.yarnpkg.com/resolve/-/resolve-1.19.0.tgz#1af5bf630409734a067cae29318aac7fa29a267c"
  integrity sha512-rArEXAgsBG4UgRGcynxWIWKFvh/XZCcS8UJdHhwy91zwAvCZIbcs+vAbflgBnNjYMs/i/i+/Ux6IZhML1yPvxg==
  dependencies:
    is-core-module "^2.1.0"
    path-parse "^1.0.6"

reusify@^1.0.4:
  version "1.0.4"
  resolved "https://registry.yarnpkg.com/reusify/-/reusify-1.0.4.tgz#90da382b1e126efc02146e90845a88db12925d76"
  integrity sha512-U9nH88a3fc/ekCF1l0/UP1IosiuIjyTh7hBvXVMHYgVcfGvt897Xguj2UOLDeI5BG2m7/uwyaLVT6fbtCwTyzw==

rollup-plugin-esbuild@^2.6.1:
  version "2.6.1"
  resolved "https://registry.yarnpkg.com/rollup-plugin-esbuild/-/rollup-plugin-esbuild-2.6.1.tgz#5785532940d49adf1bff5b38e9bd9089262d4e7a"
  integrity sha512-hskMEQQ4Vxlyoeg1OWlFTwWHIhpNaw6q+diOT7p9pdkk34m9Mbk3aymS/JbTqLXy/AbJi22iuXrucknKpeczfg==
  dependencies:
    "@rollup/pluginutils" "^4.1.0"
    joycon "^2.2.5"
    strip-json-comments "^3.1.1"

rollup@^2.34.2:
  version "2.36.1"
  resolved "https://registry.yarnpkg.com/rollup/-/rollup-2.36.1.tgz#2174f0c25c7b400d57b05628d0e732c7ae8d2178"
  integrity sha512-eAfqho8dyzuVvrGqpR0ITgEdq0zG2QJeWYh+HeuTbpcaXk8vNFc48B7bJa1xYosTCKx0CuW+447oQOW8HgBIZQ==
  optionalDependencies:
    fsevents "~2.1.2"

rollup@^2.38.5:
  version "2.38.5"
  resolved "https://registry.yarnpkg.com/rollup/-/rollup-2.38.5.tgz#be41ad4fe0c103a8794377afceb5f22b8f603d6a"
  integrity sha512-VoWt8DysFGDVRGWuHTqZzT02J0ASgjVq/hPs9QcBOGMd7B+jfTr/iqMVEyOi901rE3xq+Deq66GzIT1yt7sGwQ==
  optionalDependencies:
    fsevents "~2.3.1"

run-parallel@^1.1.9:
  version "1.1.10"
  resolved "https://registry.yarnpkg.com/run-parallel/-/run-parallel-1.1.10.tgz#60a51b2ae836636c81377df16cb107351bcd13ef"
  integrity sha512-zb/1OuZ6flOlH6tQyMPUrE3x3Ulxjlo9WIVXR4yVYi4H9UXQaeIsPbLn2R3O3vQCnDKkAl2qHiuocKKX4Tz/Sw==

source-map-support@^0.5.17:
  version "0.5.19"
  resolved "https://registry.yarnpkg.com/source-map-support/-/source-map-support-0.5.19.tgz#a98b62f86dcaf4f67399648c085291ab9e8fed61"
  integrity sha512-Wonm7zOCIJzBGQdB+thsPar0kYuCIzYvxZwlBa87yi/Mdjv7Tip2cyVbLj5o0cFPN4EVkuTwb3GDDyUx2DGnGw==
  dependencies:
    buffer-from "^1.0.0"
    source-map "^0.6.0"

source-map@^0.6.0, source-map@^0.6.1:
  version "0.6.1"
  resolved "https://registry.yarnpkg.com/source-map/-/source-map-0.6.1.tgz#74722af32e9614e9c287a8d0bbde48b5e2f1a263"
  integrity sha512-UjgapumWlbMhkBgzT7Ykc5YXUT46F0iKu8SGXq0bcwP5dz/h0Plj6enJqjz1Zbq2l5WaqYnrVbwWOWMyF3F47g==

sourcemap-codec@^1.4.4:
  version "1.4.8"
  resolved "https://registry.yarnpkg.com/sourcemap-codec/-/sourcemap-codec-1.4.8.tgz#ea804bd94857402e6992d05a38ef1ae35a9ab4c4"
  integrity sha512-9NykojV5Uih4lgo5So5dtw+f0JgJX30KCNI8gwhz2J9A15wD0Ml6tjHKwf6fTSa6fAdVBdZeNOs9eJ71qCk8vA==

string-hash@^1.1.1:
  version "1.1.3"
  resolved "https://registry.yarnpkg.com/string-hash/-/string-hash-1.1.3.tgz#e8aafc0ac1855b4666929ed7dd1275df5d6c811b"
  integrity sha1-6Kr8CsGFW0Zmkp7X3RJ1311sgRs=

strip-json-comments@^3.1.1:
  version "3.1.1"
  resolved "https://registry.yarnpkg.com/strip-json-comments/-/strip-json-comments-3.1.1.tgz#31f1281b3832630434831c310c01cccda8cbe006"
  integrity sha512-6fPc+R4ihwqP6N/aIv2f1gMH8lOVtWQHoqC4yK6oSDVVocumAsfCqjkXnqiYMhmMwS/mEHLp7Vehlt3ql6lEig==

supports-color@^5.3.0:
  version "5.5.0"
  resolved "https://registry.yarnpkg.com/supports-color/-/supports-color-5.5.0.tgz#e2e69a44ac8772f78a1ec0b35b689df6530efc8f"
  integrity sha512-QjVjwdXIt408MIiAqCX4oUKsgU2EqAGzs2Ppkm4aQYbjm+ZEWEcW4SfFNTr4uMNZma0ey4f5lgLrkB0aX0QMow==
  dependencies:
    has-flag "^3.0.0"

supports-color@^6.1.0:
  version "6.1.0"
  resolved "https://registry.yarnpkg.com/supports-color/-/supports-color-6.1.0.tgz#0764abc69c63d5ac842dd4867e8d025e880df8f3"
  integrity sha512-qe1jfm1Mg7Nq/NSh6XE24gPXROEVsWHxC1LIx//XNlD9iw7YZQGjZNjYN7xGaEG6iKdA8EtNFW6R0gjnVXp+wQ==
  dependencies:
    has-flag "^3.0.0"

to-fast-properties@^2.0.0:
  version "2.0.0"
  resolved "https://registry.yarnpkg.com/to-fast-properties/-/to-fast-properties-2.0.0.tgz#dc5e698cbd079265bc73e0377681a4e4e83f616e"
  integrity sha1-3F5pjL0HkmW8c+A3doGk5Og/YW4=

to-regex-range@^5.0.1:
  version "5.0.1"
  resolved "https://registry.yarnpkg.com/to-regex-range/-/to-regex-range-5.0.1.tgz#1648c44aae7c8d988a326018ed72f5b4dd0392e4"
  integrity sha512-65P7iz6X5yEr1cwcgvQxbbIw7Uk3gOy5dIdtZ4rDveLqhrdJP+Li/Hx6tyK0NEb+2GCyneCMJiGqrADCSNk8sQ==
  dependencies:
    is-number "^7.0.0"

ts-node@^9.1.0:
  version "9.1.0"
  resolved "https://registry.yarnpkg.com/ts-node/-/ts-node-9.1.0.tgz#95eae4c6d0f94f2545884078e1eb1b14d2155639"
  integrity sha512-0yqcL4sgruCvM+w64LiAfNJo6+lHfCYc5Ajj4yiLNkJ9oZ2HWaa+Kso7htYOOxVQ7+csAjdUjffOe9PIqC4pMg==
  dependencies:
    arg "^4.1.0"
    create-require "^1.1.0"
    diff "^4.0.1"
    make-error "^1.1.1"
    source-map-support "^0.5.17"
    yn "3.1.1"

tslib@^2.0.0, tslib@^2.0.1, tslib@^2.0.3, tslib@^2.1.0:
  version "2.1.0"
  resolved "https://registry.yarnpkg.com/tslib/-/tslib-2.1.0.tgz#da60860f1c2ecaa5703ab7d39bc05b6bf988b97a"
  integrity sha512-hcVC3wYEziELGGmEEXue7D75zbwIIVUMWAVbHItGPx0ziyXxrOMQx4rQEVEV45Ut/1IotuEvwqPopzIOkDMf0A==

typescript@^4.1.2:
  version "4.1.2"
  resolved "https://registry.yarnpkg.com/typescript/-/typescript-4.1.2.tgz#6369ef22516fe5e10304aae5a5c4862db55380e9"
  integrity sha512-thGloWsGH3SOxv1SoY7QojKi0tc+8FnOmiarEGMbd/lar7QOEd3hvlx3Fp5y6FlDUGl9L+pd4n2e+oToGMmhRQ==

uniq@^1.0.1:
  version "1.0.1"
  resolved "https://registry.yarnpkg.com/uniq/-/uniq-1.0.1.tgz#b31c5ae8254844a3a8281541ce2b04b865a734ff"
  integrity sha1-sxxa6CVIRKOoKBVBzisEuGWnNP8=

util-deprecate@^1.0.2:
  version "1.0.2"
  resolved "https://registry.yarnpkg.com/util-deprecate/-/util-deprecate-1.0.2.tgz#450d4dc9fa70de732762fbd2d4a28981419a0ccf"
  integrity sha1-RQ1Nyfpw3nMnYvvS1KKJgUGaDM8=

vite-ssr@^0.1.0:
  version "0.1.0"
  resolved "https://registry.yarnpkg.com/vite-ssr/-/vite-ssr-0.1.0.tgz#c93f50a31d17e4805b3f29ccb14876103f1aa09e"
  integrity sha512-nxnclUbReGB4n/qiMf8wZrBDCrf5K3wKRCLyALXvq+O9Vb6S4q4bofhxrVhSjVkOXgj1WAag17bBn98FXGmz+g==
  dependencies:
    "@rollup/plugin-replace" "^2.3.3"
    "@vue/server-renderer" "^3.0.5"
    merge-options "^3.0.3"

vite@^2.0.0-beta.67:
  version "2.0.0-beta.67"
  resolved "https://registry.yarnpkg.com/vite/-/vite-2.0.0-beta.67.tgz#2d4e7a62a925539448bd18154008afb2b4484a07"
  integrity sha512-QNxIRajidVG3ejikBUb17NgCV1bJ9UyKHBdItgw1O/ljQ1hBoph5I2/DrviqV4G9H3WP7teXk5vwQWuCVS9fqQ==
  dependencies:
    esbuild "^0.8.34"
    postcss "^8.2.1"
    resolve "^1.19.0"
    rollup "^2.38.5"
  optionalDependencies:
    fsevents "~2.3.1"

"vitedge@file:../core":
  version "0.5.0"
  dependencies:
    "@cloudflare/kv-asset-handler" "^0.1.0"
    "@rollup/plugin-commonjs" "^17.0.0"
    "@rollup/plugin-json" "^4.1.0"
    "@rollup/plugin-node-resolve" "^11.0.0"
    "@rollup/plugin-replace" "^2.3.4"
    "@rollup/plugin-virtual" "^2.0.3"
    esbuild "^0.8.22"
    fast-glob "^3.2.4"
    multienv-loader "^1.2.0"
    node-fetch "^2.6.1"
    node-webcrypto-ossl "^2.1.2"
    rollup "^2.34.2"
    rollup-plugin-esbuild "^2.6.1"
    vite-ssr "^0.1.0"

vue-router@^4.0.0:
  version "4.0.3"
  resolved "https://registry.yarnpkg.com/vue-router/-/vue-router-4.0.3.tgz#8b26050c88b2dec7e27a88835f71046b365823ec"
  integrity sha512-AD1OjtVPyQHTSpoRsEGfPpxRQwhAhxcacOYO3zJ3KNkYP/r09mileSp6kdMQKhZWP2cFsPR3E2M3PZguSN5/ww==

vue@^3.0.0:
  version "3.0.2"
  resolved "https://registry.yarnpkg.com/vue/-/vue-3.0.2.tgz#9d5b7b2983f35e64a34d13c7c9d6831239feca3c"
  integrity sha512-ciKFjutKRs+2Vbvgrist1oDd5wZQqtOel/K//ku54zLbf8tcTV+XbyAfanTHcTkML9CUj09vnC+y+5uaOz2/9g==
  dependencies:
    "@vue/compiler-dom" "3.0.2"
    "@vue/runtime-dom" "3.0.2"
    "@vue/shared" "3.0.2"

webcrypto-core@^1.1.6:
  version "1.2.0"
  resolved "https://registry.yarnpkg.com/webcrypto-core/-/webcrypto-core-1.2.0.tgz#44fda3f9315ed6effe9a1e47466e0935327733b5"
  integrity sha512-p76Z/YLuE4CHCRdc49FB/ETaM4bzM3roqWNJeGs+QNY1fOTzKTOVnhmudW1fuO+5EZg6/4LG9NJ6gaAyxTk9XQ==
  dependencies:
    "@peculiar/asn1-schema" "^2.0.27"
    "@peculiar/json-schema" "^1.1.12"
    asn1js "^2.0.26"
    pvtsutils "^1.1.2"
    tslib "^2.1.0"

wrappy@1:
  version "1.0.2"
  resolved "https://registry.yarnpkg.com/wrappy/-/wrappy-1.0.2.tgz#b5243d8f3ec1aa35f1364605bc0d1036e30ab69f"
  integrity sha1-tSQ9jz7BqjXxNkYFvA0QNuMKtp8=

yallist@^3.0.2:
  version "3.1.1"
  resolved "https://registry.yarnpkg.com/yallist/-/yallist-3.1.1.tgz#dbb7daf9bfd8bac9ab45ebf602b8cbad0d5d08fd"
  integrity sha512-a4UGQaWPH59mOXUYnAG2ewncQS4i4F43Tv3JoAM+s2VDAmS9NsK8GpDMLrCHPksFT7h3K6TOoUNn2pb7RoXx4g==

yn@3.1.1:
  version "3.1.1"
  resolved "https://registry.yarnpkg.com/yn/-/yn-3.1.1.tgz#1e87401a09d767c1d5eab26a6e4c185182d2eb50"
  integrity sha512-Ux4ygGWsu2c7isFWe8Yu1YluJmqVhxqK2cLXNQA5AcC3QfbGNpM7fu0Y8b/z16pXLnFxZYvWhd3fhBY9DLmC6Q==
