# THIS IS AN AUTOGENERATED FILE. DO NOT EDIT THIS FILE DIRECTLY.
# yarn lockfile v1


"@algolia/cache-browser-local-storage@4.9.1":
  version "4.9.1"
  resolved "https://registry.yarnpkg.com/@algolia/cache-browser-local-storage/-/cache-browser-local-storage-4.9.1.tgz#784e91580dcca00a8280b0905197f5abbbdf4b48"
  integrity sha512-bAUU9vKCy45uTTlzJw0LYu1IjoZsmzL6lgjaVFaW1crhX/4P+JD5ReQv3n/wpiXSFaHq1WEO3WyH2g3ymzeipQ==
  dependencies:
    "@algolia/cache-common" "4.9.1"

"@algolia/cache-common@4.9.1":
  version "4.9.1"
  resolved "https://registry.yarnpkg.com/@algolia/cache-common/-/cache-common-4.9.1.tgz#2d5f37ba7aab7db76627c4a4fce51a7fd137fa65"
  integrity sha512-tcvw4mOfFy44V4ZxDEy9wNGr6vFROZKRpXKTEBgdw/WBn6mX51H1ar4RWtceDEcDU4H5fIv5tsY3ip2hU+fTPg==

"@algolia/cache-in-memory@4.9.1":
  version "4.9.1"
  resolved "https://registry.yarnpkg.com/@algolia/cache-in-memory/-/cache-in-memory-4.9.1.tgz#3fd1d67aec804b6cc8439015b8b9c712a45c7ae0"
  integrity sha512-IEJrHonvdymW2CnRfJtsTVWyfAH05xPEFkGXGCw00+6JNCj8Dln3TeaRLiaaY1srlyGedkemekQm1/Xb46CGOQ==
  dependencies:
    "@algolia/cache-common" "4.9.1"

"@algolia/client-account@4.9.1":
  version "4.9.1"
  resolved "https://registry.yarnpkg.com/@algolia/client-account/-/client-account-4.9.1.tgz#f2c1b3e49de2ee1fca44b8b5e64e1ce0dbdff0db"
  integrity sha512-Shpjeuwb7i2LR5QuWREb6UbEQLGB+Pl/J5+wPgILJDP/uWp7jpl0ase9mYNQGKj7TjztpSpQCPZ3dSHPnzZPfw==
  dependencies:
    "@algolia/client-common" "4.9.1"
    "@algolia/client-search" "4.9.1"
    "@algolia/transporter" "4.9.1"

"@algolia/client-analytics@4.9.1":
  version "4.9.1"
  resolved "https://registry.yarnpkg.com/@algolia/client-analytics/-/client-analytics-4.9.1.tgz#56972496526910c53c5ce7844f4571efba63eb5f"
  integrity sha512-/g6OkOSIA+A0t/tjvbL6iG/zV4El4LPFgv/tcAYHTH27BmlNtnEXw+iFpGjeUlQoPily9WVB3QNLMJkaNwL3HA==
  dependencies:
    "@algolia/client-common" "4.9.1"
    "@algolia/client-search" "4.9.1"
    "@algolia/requester-common" "4.9.1"
    "@algolia/transporter" "4.9.1"

"@algolia/client-common@4.9.1":
  version "4.9.1"
  resolved "https://registry.yarnpkg.com/@algolia/client-common/-/client-common-4.9.1.tgz#ae313b65d3249efcb4fafd2e92ed1fa2fd075482"
  integrity sha512-UziRTZ8km3qwoVPIyEre8TV6V+MX7UtbfVqPmSafZ0xu41UUZ+sL56YoKjOXkbKuybeIC9prXMGy/ID5bXkTqg==
  dependencies:
    "@algolia/requester-common" "4.9.1"
    "@algolia/transporter" "4.9.1"

"@algolia/client-recommendation@4.9.1":
  version "4.9.1"
  resolved "https://registry.yarnpkg.com/@algolia/client-recommendation/-/client-recommendation-4.9.1.tgz#217af2a38d37ab12cf23a419cc9a576af9d15b13"
  integrity sha512-Drtvvm1PNIOpYf4HFlkPFstFQ3IsN+TRmxur2F7y6Faplb5ybISa8ithu1tmlTdyTf3A78hQUQjgJet6qD2XZw==
  dependencies:
    "@algolia/client-common" "4.9.1"
    "@algolia/requester-common" "4.9.1"
    "@algolia/transporter" "4.9.1"

"@algolia/client-search@4.9.1":
  version "4.9.1"
  resolved "https://registry.yarnpkg.com/@algolia/client-search/-/client-search-4.9.1.tgz#a2fbc47a1b343dade9a8b06310231d51ff675b1b"
  integrity sha512-r9Cw2r8kJr45iYncFDht6EshARghU265wuY8Q8oHrpFHjAziEYdsUOdNmQKbsSH5J3gLjDPx1EI5DzVd6ivn3w==
  dependencies:
    "@algolia/client-common" "4.9.1"
    "@algolia/requester-common" "4.9.1"
    "@algolia/transporter" "4.9.1"

"@algolia/logger-common@4.9.1":
  version "4.9.1"
  resolved "https://registry.yarnpkg.com/@algolia/logger-common/-/logger-common-4.9.1.tgz#3323834095f2916338d2535d2df91c4723ac19f2"
  integrity sha512-9mPrbFlFyPT7or/7PXTiJjyOewWB9QRkZKVXkt5zHAUiUzGxmmdpJIGpPv3YQnDur8lXrXaRI0MHXUuIDMY1ng==

"@algolia/logger-console@4.9.1":
  version "4.9.1"
  resolved "https://registry.yarnpkg.com/@algolia/logger-console/-/logger-console-4.9.1.tgz#c324ef26843dbed06b44586309331dbb949744ad"
  integrity sha512-74VUwjtFjFpjZpi3QoHIPv0kcr3vWUSHX/Vs8PJW3lPsD4CgyhFenQbG9v+ZnyH0JrJwiYTtzfmrVh7IMWZGrQ==
  dependencies:
    "@algolia/logger-common" "4.9.1"

"@algolia/requester-browser-xhr@4.9.1":
  version "4.9.1"
  resolved "https://registry.yarnpkg.com/@algolia/requester-browser-xhr/-/requester-browser-xhr-4.9.1.tgz#0812f3c7c4105a4646c0fba8429b172b2d0e01c5"
  integrity sha512-zc46tk5o0ikOAz3uYiRAMxC2iVKAMFKT7nNZnLB5IzT0uqAh7pz/+D/UvIxP4bKmsllpBSnPcpfQF+OI4Ag/BA==
  dependencies:
    "@algolia/requester-common" "4.9.1"

"@algolia/requester-common@4.9.1":
  version "4.9.1"
  resolved "https://registry.yarnpkg.com/@algolia/requester-common/-/requester-common-4.9.1.tgz#50fcf4c7c1ed7ae13159167ac1da2844d036a630"
  integrity sha512-9hPgXnlCSbqJqF69M5x5WN3h51Dc+mk/iWNeJSVxExHGvCDfBBZd0v6S15i8q2a9cD1I2RnhMpbnX5BmGtabVA==

"@algolia/requester-node-http@4.9.1":
  version "4.9.1"
  resolved "https://registry.yarnpkg.com/@algolia/requester-node-http/-/requester-node-http-4.9.1.tgz#70054a0aa5643072404fcb68042eec97c7abd1c8"
  integrity sha512-vYNVbSCuyrCSCjHBQJk+tLZtWCjvvDf5tSbRJjyJYMqpnXuIuP7gZm24iHil4NPYBhbBj5NU2ZDAhc/gTn75Ag==
  dependencies:
    "@algolia/requester-common" "4.9.1"

"@algolia/transporter@4.9.1":
  version "4.9.1"
  resolved "https://registry.yarnpkg.com/@algolia/transporter/-/transporter-4.9.1.tgz#63ef3d9ae3b6556fa1ff1e6265bbab482bd084b7"
  integrity sha512-AbjFfGzX+cAuj7Qyc536OxIQzjFOA5FU2ANGStx8LBH+AKXScwfkx67C05riuaRR5adSCLMSEbVvUscH0nF+6A==
  dependencies:
    "@algolia/cache-common" "4.9.1"
    "@algolia/logger-common" "4.9.1"
    "@algolia/requester-common" "4.9.1"

"@babel/parser@^7.15.0":
  version "7.15.8"
  resolved "https://registry.yarnpkg.com/@babel/parser/-/parser-7.15.8.tgz#7bacdcbe71bdc3ff936d510c15dcea7cf0b99016"
  integrity sha512-BRYa3wcQnjS/nqI8Ac94pYYpJfojHVvVXJ97+IDCImX4Jc8W8Xv1+47enbruk+q1etOpsQNwnfFcNGw+gtPGxA==

"@docsearch/css@^1.0.0-alpha.28":
  version "1.0.0-alpha.28"
  resolved "https://registry.yarnpkg.com/@docsearch/css/-/css-1.0.0-alpha.28.tgz#c8a2cd8c1bb3a6855c51892e9dbdab5d42fe6e23"
  integrity sha512-1AhRzVdAkrWwhaxTX6/R7SnFHz8yLz1W8I/AldlTrfbNvZs9INk1FZiEFTJdgHaP68nhgQNWSGlQiDiI3y2RYg==

"@docsearch/js@^1.0.0-alpha.28":
  version "1.0.0-alpha.28"
  resolved "https://registry.yarnpkg.com/@docsearch/js/-/js-1.0.0-alpha.28.tgz#f0fde7b8a6b1e1d8a7ae1e7655c43d959b457b2b"
  integrity sha512-2g7aPhBy7FoEyeZW2G3LYHWVa8CFvqyozEz8PXt3hyywdFcmEIqmoCRwn8kboVftrOKCjtPcuLCewsaBoB3uiw==
  dependencies:
    "@docsearch/react" "^1.0.0-alpha.28"
    preact "^10.0.0"

"@docsearch/react@^1.0.0-alpha.28":
  version "1.0.0-alpha.28"
  resolved "https://registry.yarnpkg.com/@docsearch/react/-/react-1.0.0-alpha.28.tgz#4f039ed79f8b3332b19a57677b219aebc5010e9d"
  integrity sha512-XjJOnCBXn+UZmtuDmgzlVIHnnvh6yHVwG4aFq8AXN6xJEIX3f180FvGaowFWAxgdtHplJxFGux0Xx4piHqBzIw==
  dependencies:
    "@docsearch/css" "^1.0.0-alpha.28"
    "@francoischalifour/autocomplete-core" "^1.0.0-alpha.28"
    "@francoischalifour/autocomplete-preset-algolia" "^1.0.0-alpha.28"
    algoliasearch "^4.0.0"

"@francoischalifour/autocomplete-core@^1.0.0-alpha.28":
  version "1.0.0-alpha.28"
  resolved "https://registry.yarnpkg.com/@francoischalifour/autocomplete-core/-/autocomplete-core-1.0.0-alpha.28.tgz#6b9d8491288e77f831e9b345d461623b0d3f5005"
  integrity sha512-rL9x+72btViw+9icfBKUJjZj87FgjFrD2esuTUqtj4RAX3s4AuVZiN8XEsfjQBSc6qJk31cxlvqZHC/BIyYXgg==

"@francoischalifour/autocomplete-preset-algolia@^1.0.0-alpha.28":
  version "1.0.0-alpha.28"
  resolved "https://registry.yarnpkg.com/@francoischalifour/autocomplete-preset-algolia/-/autocomplete-preset-algolia-1.0.0-alpha.28.tgz#a5ad7996f42e43e4acbb4e0010d663746d0e9997"
  integrity sha512-bprfNmYt1opFUFEtD2XfY/kEsm13bzHQgU80uMjhuK0DJ914IjolT1GytpkdM6tJ4MBvyiJPP+bTtWO+BZ7c7w==

"@vitejs/plugin-vue@^1.9.0":
  version "1.9.3"
  resolved "https://registry.yarnpkg.com/@vitejs/plugin-vue/-/plugin-vue-1.9.3.tgz#93d61893ce6c723d0209af0483ec8b91a2cd811f"
  integrity sha512-yW6H/q+4Mc2PcVjSOelcsMrg/k15DnMUz8jyCFsI04emc3aLwo4AoofUfGnjHUkgirrDxSJLVqQVGhonQ3yykA==

"@vue/compiler-core@3.2.20":
  version "3.2.20"
  resolved "https://registry.yarnpkg.com/@vue/compiler-core/-/compiler-core-3.2.20.tgz#af5a3c5237818835b0d0be837eb5885a8d21c160"
  integrity sha512-vcEXlKXoPwBXFP5aUTHN9GTZaDfwCofa9Yu9bbW2C5O/QSa9Esdt7OG4+0RRd3EHEMxUvEdj4RZrd/KpQeiJbA==
  dependencies:
    "@babel/parser" "^7.15.0"
    "@vue/shared" "3.2.20"
    estree-walker "^2.0.2"
    source-map "^0.6.1"

"@vue/compiler-dom@3.2.20":
  version "3.2.20"
  resolved "https://registry.yarnpkg.com/@vue/compiler-dom/-/compiler-dom-3.2.20.tgz#8e0ef354449c0faf41519b00bfc2045eae01dcb5"
  integrity sha512-QnI77ec/JtV7R0YBbcVayYTDCRcI9OCbxiUQK6izVyqQO0658n0zQuoNwe+bYgtqnvGAIqTR3FShTd5y4oOjdg==
  dependencies:
    "@vue/compiler-core" "3.2.20"
    "@vue/shared" "3.2.20"

"@vue/compiler-sfc@3.2.20":
  version "3.2.20"
  resolved "https://registry.yarnpkg.com/@vue/compiler-sfc/-/compiler-sfc-3.2.20.tgz#2d7668e76f066c566dd7c09c15c9acce4e876e0a"
  integrity sha512-03aZo+6tQKiFLfunHKSPZvdK4Jsn/ftRCyaro8AQIWkuxJbvSosbKK6HTTn+D2c3nPScG155akJoxKENw7rftQ==
  dependencies:
    "@babel/parser" "^7.15.0"
    "@vue/compiler-core" "3.2.20"
    "@vue/compiler-dom" "3.2.20"
    "@vue/compiler-ssr" "3.2.20"
    "@vue/ref-transform" "3.2.20"
    "@vue/shared" "3.2.20"
    estree-walker "^2.0.2"
    magic-string "^0.25.7"
    postcss "^8.1.10"
    source-map "^0.6.1"

"@vue/compiler-ssr@3.2.20":
  version "3.2.20"
  resolved "https://registry.yarnpkg.com/@vue/compiler-ssr/-/compiler-ssr-3.2.20.tgz#9cceb6261d9932cb5568202610c1c28f86c5e521"
  integrity sha512-rzzVVYivm+EjbfiGQvNeyiYZWzr6Hkej97RZLZvcumacQlnKv9176Xo9rRyeWwFbBlxmtNdrVMslRXtipMXk2w==
  dependencies:
    "@vue/compiler-dom" "3.2.20"
    "@vue/shared" "3.2.20"

"@vue/reactivity@3.2.20":
  version "3.2.20"
  resolved "https://registry.yarnpkg.com/@vue/reactivity/-/reactivity-3.2.20.tgz#81fe1c368e7f20bc0ec1dec1045bbee253582de8"
  integrity sha512-nSmoLojUTk+H8HNTAkrUduB4+yIUBK2HPihJo2uXVSH4Spry6oqN6lFzE5zpLK+F27Sja+UqR9R1+/kIOsHV5w==
  dependencies:
    "@vue/shared" "3.2.20"

"@vue/ref-transform@3.2.20":
  version "3.2.20"
  resolved "https://registry.yarnpkg.com/@vue/ref-transform/-/ref-transform-3.2.20.tgz#2a59ec90caf8e5c7336776a0900bff0a8b81c090"
  integrity sha512-Y42d3PGlYZ1lXcF3dbd3+qU/C/a3wYEZ949fyOI5ptzkjDWlkfU6vn74fmOjsLjEcjs10BXK2qO99FqQIK2r1Q==
  dependencies:
    "@babel/parser" "^7.15.0"
    "@vue/compiler-core" "3.2.20"
    "@vue/shared" "3.2.20"
    estree-walker "^2.0.2"
    magic-string "^0.25.7"

"@vue/runtime-core@3.2.20":
  version "3.2.20"
  resolved "https://registry.yarnpkg.com/@vue/runtime-core/-/runtime-core-3.2.20.tgz#8f63e956a3f88fb772541443c45a7701211012cb"
  integrity sha512-d1xfUGhZPfiZzAN7SatStD4vRtT8deJSXib2+Cz3x0brjMWKxe32asQc154FF1E2fFgMCHtnfd4A90bQEzV4GQ==
  dependencies:
    "@vue/reactivity" "3.2.20"
    "@vue/shared" "3.2.20"

"@vue/runtime-dom@3.2.20":
  version "3.2.20"
  resolved "https://registry.yarnpkg.com/@vue/runtime-dom/-/runtime-dom-3.2.20.tgz#8aa56ae6c30f9cd4a71ca0e9ec3c4bdc67148d15"
  integrity sha512-4TCvZMLhESWCFHFYgqN4QmMA/onnINAlUovhopjlS8ST27G1A8Z0tyxPzLoXLa+b5JrOpbMPheEMPvdKExTJig==
  dependencies:
    "@vue/runtime-core" "3.2.20"
    "@vue/shared" "3.2.20"
    csstype "^2.6.8"

"@vue/server-renderer@3.2.20":
  version "3.2.20"
  resolved "https://registry.yarnpkg.com/@vue/server-renderer/-/server-renderer-3.2.20.tgz#705e07ae9425132b2b6227d308a51a13f4d4ec81"
  integrity sha512-viIbZGep9XabnrRcaxWIi00cOh1x21QYm2upIL5W0zqzTJ54VdTzpI+zi1osNp+VfRQDTHpV2U7H3Kn4ljYJvg==
  dependencies:
    "@vue/compiler-ssr" "3.2.20"
    "@vue/shared" "3.2.20"

"@vue/shared@3.2.20":
  version "3.2.20"
  resolved "https://registry.yarnpkg.com/@vue/shared/-/shared-3.2.20.tgz#53746961f731a8ea666e3316271e944238dc31db"
  integrity sha512-FbpX+hD5BvXCQerEYO7jtAGHlhAkhTQ4KIV73kmLWNlawWhTiVuQxizgVb0BOkX5oG9cIRZ42EG++d/k/Efp0w==

algoliasearch@^4.0.0:
  version "4.9.1"
  resolved "https://registry.yarnpkg.com/algoliasearch/-/algoliasearch-4.9.1.tgz#1fa8ece3f9808e465226176b88b953801c2274e0"
  integrity sha512-EeJUYXzBEhZSsL6tXc3hseLBCtlNLa1MZ4mlMK6EeX38yRjY5vgnFcNNml6uUhlOjvheKxgkKRpPWkxgL8Cqkg==
  dependencies:
    "@algolia/cache-browser-local-storage" "4.9.1"
    "@algolia/cache-common" "4.9.1"
    "@algolia/cache-in-memory" "4.9.1"
    "@algolia/client-account" "4.9.1"
    "@algolia/client-analytics" "4.9.1"
    "@algolia/client-common" "4.9.1"
    "@algolia/client-recommendation" "4.9.1"
    "@algolia/client-search" "4.9.1"
    "@algolia/logger-common" "4.9.1"
    "@algolia/logger-console" "4.9.1"
    "@algolia/requester-browser-xhr" "4.9.1"
    "@algolia/requester-common" "4.9.1"
    "@algolia/requester-node-http" "4.9.1"
    "@algolia/transporter" "4.9.1"

colorette@^1.2.2:
  version "1.2.2"
  resolved "https://registry.yarnpkg.com/colorette/-/colorette-1.2.2.tgz#cbcc79d5e99caea2dbf10eb3a26fd8b3e6acfa94"
  integrity sha512-MKGMzyfeuutC/ZJ1cba9NqcNpfeqMUcYmyF1ZFY6/Cn7CNSAKx6a+s48sqLqyAiZuaP2TcqMhoo+dlwFnVxT9w==

csstype@^2.6.8:
  version "2.6.14"
  resolved "https://registry.yarnpkg.com/csstype/-/csstype-2.6.14.tgz#004822a4050345b55ad4dcc00be1d9cf2f4296de"
  integrity sha512-2mSc+VEpGPblzAxyeR+vZhJKgYg0Og0nnRi7pmRXFYYxSfnOnW8A5wwQb4n4cE2nIOzqKOAzLCaEX6aBmNEv8A==

esbuild-android-arm64@0.13.4:
  version "0.13.4"
  resolved "https://registry.yarnpkg.com/esbuild-android-arm64/-/esbuild-android-arm64-0.13.4.tgz#5178a20d2b7aba741a31c19609f9e67b346996b9"
  integrity sha512-elDJt+jNyoHFId0/dKsuVYUPke3EcquIyUwzJCH17a3ERglN3A9aMBI5zbz+xNZ+FbaDNdpn0RaJHCFLbZX+fA==

esbuild-darwin-64@0.13.4:
  version "0.13.4"
  resolved "https://registry.yarnpkg.com/esbuild-darwin-64/-/esbuild-darwin-64-0.13.4.tgz#7a3e66c8e1271b650541b25eed65c84f3564a69d"
  integrity sha512-zJQGyHRAdZUXlRzbN7W+7ykmEiGC+bq3Gc4GxKYjjWTgDRSEly98ym+vRNkDjXwXYD3gGzSwvH35+MiHAtWvLA==

esbuild-darwin-arm64@0.13.4:
  version "0.13.4"
  resolved "https://registry.yarnpkg.com/esbuild-darwin-arm64/-/esbuild-darwin-arm64-0.13.4.tgz#793feca6032b2a57ef291eb9b2d33768d60a49d6"
  integrity sha512-r8oYvAtqSGq8HNTZCAx4TdLE7jZiGhX9ooGi5AQAey37MA6XNaP8ZNlw9OCpcgpx3ryU2WctXwIqPzkHO7a8dg==

esbuild-freebsd-64@0.13.4:
  version "0.13.4"
  resolved "https://registry.yarnpkg.com/esbuild-freebsd-64/-/esbuild-freebsd-64-0.13.4.tgz#294aec3c2cf4b41fb6900212fc9c33dd8fbbb4a2"
  integrity sha512-u9DRGkn09EN8+lCh6z7FKle7awi17PJRBuAKdRNgSo5ZrH/3m+mYaJK2PR2URHMpAfXiwJX341z231tSdVe3Yw==

esbuild-freebsd-arm64@0.13.4:
  version "0.13.4"
  resolved "https://registry.yarnpkg.com/esbuild-freebsd-arm64/-/esbuild-freebsd-arm64-0.13.4.tgz#09fe66c751c12f9b976976b1d83f3de594cb2787"
  integrity sha512-q3B2k68Uf6gfjATjcK16DqxvjqRQkHL8aPoOfj4op+lSqegdXvBacB1d8jw8PxbWJ8JHpdTLdAVUYU80kotQXA==

esbuild-linux-32@0.13.4:
  version "0.13.4"
  resolved "https://registry.yarnpkg.com/esbuild-linux-32/-/esbuild-linux-32-0.13.4.tgz#a9f0793d7bcc9cef4f4ffa4398c525877fba5839"
  integrity sha512-UUYJPHSiKAO8KoN3Ls/iZtgDLZvK5HarES96aolDPWZnq9FLx4dIHM/x2z4Rxv9IYqQ/DxlPoE2Co1UPBIYYeA==

esbuild-linux-64@0.13.4:
  version "0.13.4"
  resolved "https://registry.yarnpkg.com/esbuild-linux-64/-/esbuild-linux-64-0.13.4.tgz#c0d0b4c9d62e3bbf8bdf2cece37403aa6d60fc2e"
  integrity sha512-+RnohAKiiUW4UHLGRkNR1AnENW1gCuDWuygEtd4jxTNPIoeC7lbXGor7rtgjj9AdUzFgOEvAXyNNX01kJ8NueQ==

esbuild-linux-arm64@0.13.4:
  version "0.13.4"
  resolved "https://registry.yarnpkg.com/esbuild-linux-arm64/-/esbuild-linux-arm64-0.13.4.tgz#1292d97bfa64a08d12728f8a7837bf92776c779b"
  integrity sha512-+A188cAdd6QuSRxMIwRrWLjgphQA0LDAQ/ECVlrPVJwnx+1i64NjDZivoqPYLOTkSPIKntiWwMhhf0U5/RrPHQ==

esbuild-linux-arm@0.13.4:
  version "0.13.4"
  resolved "https://registry.yarnpkg.com/esbuild-linux-arm/-/esbuild-linux-arm-0.13.4.tgz#186cd9b8885ac132b9953a4a0afe668168debd10"
  integrity sha512-BH5gKve4jglS7UPSsfwHSX79I5agC/lm4eKoRUEyo8lwQs89frQSRp2Xup+6SFQnxt3md5EsKcd2Dbkqeb3gPA==

esbuild-linux-mips64le@0.13.4:
  version "0.13.4"
  resolved "https://registry.yarnpkg.com/esbuild-linux-mips64le/-/esbuild-linux-mips64le-0.13.4.tgz#42049bf72bc586817b4a51cc9e32148d13e5e807"
  integrity sha512-0xkwtPaUkG5xMTFGaQPe1AadSe5QAiQuD4Gix1O9k5Xo/U8xGIkw9UFUTvfEUeu71vFb6ZgsIacfP1NLoFjWNw==

esbuild-linux-ppc64le@0.13.4:
  version "0.13.4"
  resolved "https://registry.yarnpkg.com/esbuild-linux-ppc64le/-/esbuild-linux-ppc64le-0.13.4.tgz#adf1ce2ef2302757c4383887da6ac4dd25be9d4f"
  integrity sha512-E1+oJPP7A+j23GPo3CEpBhGwG1bni4B8IbTA3/3rvzjURwUMZdcN3Fhrz24rnjzdLSHmULtOE4VsbT42h1Om4Q==

esbuild-openbsd-64@0.13.4:
  version "0.13.4"
  resolved "https://registry.yarnpkg.com/esbuild-openbsd-64/-/esbuild-openbsd-64-0.13.4.tgz#1c8122101898c52a20c8786935cf3eb7a19b83b4"
  integrity sha512-xEkI1o5HYxDzbv9jSox0EsDxpwraG09SRiKKv0W8pH6O3bt+zPSlnoK7+I7Q69tkvONkpIq5n2o+c55uq0X7cw==

esbuild-sunos-64@0.13.4:
  version "0.13.4"
  resolved "https://registry.yarnpkg.com/esbuild-sunos-64/-/esbuild-sunos-64-0.13.4.tgz#4ec95faa14a60f295fe485bebffefff408739337"
  integrity sha512-bjXUMcODMnB6hQicLBBmmnBl7OMDyVpFahKvHGXJfDChIi5udiIRKCmFUFIRn+AUAKVlfrofRKdyPC7kBsbvGQ==

esbuild-windows-32@0.13.4:
  version "0.13.4"
  resolved "https://registry.yarnpkg.com/esbuild-windows-32/-/esbuild-windows-32-0.13.4.tgz#3182c380487b797b04d0ec2c80c2945666869080"
  integrity sha512-z4CH07pfyVY0XF98TCsGmLxKCl0kyvshKDbdpTekW9f2d+dJqn5mmoUyWhpSVJ0SfYWJg86FoD9nMbbaMVyGdg==

esbuild-windows-64@0.13.4:
  version "0.13.4"
  resolved "https://registry.yarnpkg.com/esbuild-windows-64/-/esbuild-windows-64-0.13.4.tgz#b9e995f92d81f433a04f33611e603e82f9232e69"
  integrity sha512-uVL11vORRPjocGLYam67rwFLd0LvkrHEs+JG+1oJN4UD9MQmNGZPa4gBHo6hDpF+kqRJ9kXgQSeDqUyRy0tj/Q==

esbuild-windows-arm64@0.13.4:
  version "0.13.4"
  resolved "https://registry.yarnpkg.com/esbuild-windows-arm64/-/esbuild-windows-arm64-0.13.4.tgz#fb239532f07b764d158f4cc787178ef4c6fadb5c"
  integrity sha512-vA6GLvptgftRcDcWngD5cMlL4f4LbL8JjU2UMT9yJ0MT5ra6hdZNFWnOeOoEtY4GtJ6OjZ0i+81sTqhAB0fMkg==

esbuild@^0.13.2:
  version "0.13.4"
  resolved "https://registry.yarnpkg.com/esbuild/-/esbuild-0.13.4.tgz#ce2deb56c4fb360938311cbfc67f8e467bb6841b"
  integrity sha512-wMA5eUwpavTBiNl+It6j8OQuKVh69l6z4DKDLzoTIqC+gChnPpcmqdA8WNHptUHRnfyML+mKEQPlW7Mybj8gHg==
  optionalDependencies:
    esbuild-android-arm64 "0.13.4"
    esbuild-darwin-64 "0.13.4"
    esbuild-darwin-arm64 "0.13.4"
    esbuild-freebsd-64 "0.13.4"
    esbuild-freebsd-arm64 "0.13.4"
    esbuild-linux-32 "0.13.4"
    esbuild-linux-64 "0.13.4"
    esbuild-linux-arm "0.13.4"
    esbuild-linux-arm64 "0.13.4"
    esbuild-linux-mips64le "0.13.4"
    esbuild-linux-ppc64le "0.13.4"
    esbuild-openbsd-64 "0.13.4"
    esbuild-sunos-64 "0.13.4"
    esbuild-windows-32 "0.13.4"
    esbuild-windows-64 "0.13.4"
    esbuild-windows-arm64 "0.13.4"

estree-walker@^2.0.2:
  version "2.0.2"
  resolved "https://registry.yarnpkg.com/estree-walker/-/estree-walker-2.0.2.tgz#52f010178c2a4c117a7757cfe942adb7d2da4cac"
  integrity sha512-Rfkk/Mp/DL7JVje3u18FxFujQlTNR2q6QfMSMB7AvCBx91NGj/ba3kCfza0f6dVDbw7YlRf/nDrn7pQrCCyQ/w==

fsevents@~2.3.2:
  version "2.3.2"
  resolved "https://registry.yarnpkg.com/fsevents/-/fsevents-2.3.2.tgz#8a526f78b8fdf4623b709e0b975c52c24c02fd1a"
  integrity sha512-xiqMQR4xAeHTuB9uWm+fFRcIOgKBMiOBP+eXiyT7jsgVCq1bkVygt00oASowB7EdtpOHaaPgKt812P9ab+DDKA==

function-bind@^1.1.1:
  version "1.1.1"
  resolved "https://registry.yarnpkg.com/function-bind/-/function-bind-1.1.1.tgz#a56899d3ea3c9bab874bb9773b7c5ede92f4895d"
  integrity sha512-yIovAzMX49sF8Yl58fSCWJ5svSLuaibPxXQJFLmBObTuCr0Mf1KiPopGM9NiFjiYBCbfaa2Fh6breQ6ANVTI0A==

has@^1.0.3:
  version "1.0.3"
  resolved "https://registry.yarnpkg.com/has/-/has-1.0.3.tgz#722d7cbfc1f6aa8241f16dd814e011e1f41e8796"
  integrity sha512-f2dvO0VU6Oej7RkWJGrehjbzMAjFp5/VKPp5tTpWIV4JHHZK1/BxbFRtf/siA2SWTe09caDmVtYYzWEIbBS4zw==
  dependencies:
    function-bind "^1.1.1"

is-core-module@^2.2.0:
  version "2.4.0"
  resolved "https://registry.yarnpkg.com/is-core-module/-/is-core-module-2.4.0.tgz#8e9fc8e15027b011418026e98f0e6f4d86305cc1"
  integrity sha512-6A2fkfq1rfeQZjxrZJGerpLCTHRNEBiSgnu0+obeJpEPZRUooHgsizvzv0ZjJwOz3iWIHdJtVWJ/tmPr3D21/A==
  dependencies:
    has "^1.0.3"

magic-string@^0.25.7:
  version "0.25.7"
  resolved "https://registry.yarnpkg.com/magic-string/-/magic-string-0.25.7.tgz#3f497d6fd34c669c6798dcb821f2ef31f5445051"
  integrity sha512-4CrMT5DOHTDk4HYDlzmwu4FVCcIYI8gauveasrdCu2IKIFOJ3f0v/8MDGJCDL9oD2ppz/Av1b0Nj345H9M+XIA==
  dependencies:
    sourcemap-codec "^1.4.4"

nanoid@^3.1.23:
  version "3.1.23"
  resolved "https://registry.yarnpkg.com/nanoid/-/nanoid-3.1.23.tgz#f744086ce7c2bc47ee0a8472574d5c78e4183a81"
  integrity sha512-FiB0kzdP0FFVGDKlRLEQ1BgDzU87dy5NnzjeW9YZNt+/c3+q82EQDUwniSAUxp/F0gFNI1ZhKU1FqYsMuqZVnw==

nanoid@^3.1.28:
  version "3.1.29"
  resolved "https://registry.yarnpkg.com/nanoid/-/nanoid-3.1.29.tgz#214fb2d7a33e1a5bef4757b779dfaeb6a4e5aeb4"
  integrity sha512-dW2pUSGZ8ZnCFIlBIA31SV8huOGCHb6OwzVCc7A69rb/a+SgPBwfmLvK5TKQ3INPbRkcI8a/Owo0XbiTNH19wg==

path-parse@^1.0.6:
  version "1.0.6"
  resolved "https://registry.yarnpkg.com/path-parse/-/path-parse-1.0.6.tgz#d62dbb5679405d72c4737ec58600e9ddcf06d24c"
  integrity sha512-GSmOT2EbHrINBf9SR7CDELwlJ8AENk3Qn7OikK4nFYAu3Ote2+JYNVvkpAEQm3/TLNEJFD/xZJjzyxg3KBWOzw==

picocolors@^0.2.1:
  version "0.2.1"
  resolved "https://registry.yarnpkg.com/picocolors/-/picocolors-0.2.1.tgz#570670f793646851d1ba135996962abad587859f"
  integrity sha512-cMlDqaLEqfSaW8Z7N5Jw+lyIW869EzT73/F5lhtY9cLGoVxSXznfgfXMO0Z5K0o0Q2TkTXq+0KFsdnSe3jDViA==

postcss@^8.1.10:
  version "8.2.15"
  resolved "https://registry.yarnpkg.com/postcss/-/postcss-8.2.15.tgz#9e66ccf07292817d226fc315cbbf9bc148fbca65"
  integrity sha512-2zO3b26eJD/8rb106Qu2o7Qgg52ND5HPjcyQiK2B98O388h43A448LCslC0dI2P97wCAQRJsFvwTRcXxTKds+Q==
  dependencies:
    colorette "^1.2.2"
    nanoid "^3.1.23"
    source-map "^0.6.1"

postcss@^8.3.8:
  version "8.3.9"
  resolved "https://registry.yarnpkg.com/postcss/-/postcss-8.3.9.tgz#98754caa06c4ee9eb59cc48bd073bb6bd3437c31"
  integrity sha512-f/ZFyAKh9Dnqytx5X62jgjhhzttjZS7hMsohcI7HEI5tjELX/HxCy3EFhsRxyzGvrzFF+82XPvCS8T9TFleVJw==
  dependencies:
    nanoid "^3.1.28"
    picocolors "^0.2.1"
    source-map-js "^0.6.2"

preact@^10.0.0:
  version "10.5.13"
  resolved "https://registry.yarnpkg.com/preact/-/preact-10.5.13.tgz#85f6c9197ecd736ce8e3bec044d08fd1330fa019"
  integrity sha512-q/vlKIGNwzTLu+jCcvywgGrt+H/1P/oIRSD6mV4ln3hmlC+Aa34C7yfPI4+5bzW8pONyVXYS7SvXosy2dKKtWQ==

prismjs@^1.25.0:
  version "1.25.0"
  resolved "https://registry.yarnpkg.com/prismjs/-/prismjs-1.25.0.tgz#6f822df1bdad965734b310b315a23315cf999756"
  integrity sha512-WCjJHl1KEWbnkQom1+SzftbtXMKQoezOCYs5rECqMN+jP+apI7ftoflyqigqzopSO3hMhTEb0mFClA8lkolgEg==

resolve@^1.20.0:
  version "1.20.0"
  resolved "https://registry.yarnpkg.com/resolve/-/resolve-1.20.0.tgz#629a013fb3f70755d6f0b7935cc1c2c5378b1975"
  integrity sha512-wENBPt4ySzg4ybFQW2TT1zMQucPK95HSh/nq2CFTZVOGut2+pQvSsgtda4d26YrYcr067wjbmzOG8byDPBX63A==
  dependencies:
    is-core-module "^2.2.0"
    path-parse "^1.0.6"

rollup@^2.57.0:
  version "2.58.0"
  resolved "https://registry.yarnpkg.com/rollup/-/rollup-2.58.0.tgz#a643983365e7bf7f5b7c62a8331b983b7c4c67fb"
  integrity sha512-NOXpusKnaRpbS7ZVSzcEXqxcLDOagN6iFS8p45RkoiMqPHDLwJm758UF05KlMoCRbLBTZsPOIa887gZJ1AiXvw==
  optionalDependencies:
    fsevents "~2.3.2"

source-map-js@^0.6.2:
  version "0.6.2"
  resolved "https://registry.yarnpkg.com/source-map-js/-/source-map-js-0.6.2.tgz#0bb5de631b41cfbda6cfba8bd05a80efdfd2385e"
  integrity sha512-/3GptzWzu0+0MBQFrDKzw/DvvMTUORvgY6k6jd/VS6iCR4RDTKWH6v6WPwQoUO8667uQEf9Oe38DxAYWY5F/Ug==

source-map@^0.6.1:
  version "0.6.1"
  resolved "https://registry.yarnpkg.com/source-map/-/source-map-0.6.1.tgz#74722af32e9614e9c287a8d0bbde48b5e2f1a263"
  integrity sha512-UjgapumWlbMhkBgzT7Ykc5YXUT46F0iKu8SGXq0bcwP5dz/h0Plj6enJqjz1Zbq2l5WaqYnrVbwWOWMyF3F47g==

sourcemap-codec@^1.4.4:
  version "1.4.8"
  resolved "https://registry.yarnpkg.com/sourcemap-codec/-/sourcemap-codec-1.4.8.tgz#ea804bd94857402e6992d05a38ef1ae35a9ab4c4"
  integrity sha512-9NykojV5Uih4lgo5So5dtw+f0JgJX30KCNI8gwhz2J9A15wD0Ml6tjHKwf6fTSa6fAdVBdZeNOs9eJ71qCk8vA==

vite@^2.6.5:
  version "2.6.5"
  resolved "https://registry.yarnpkg.com/vite/-/vite-2.6.5.tgz#c4d25972e2f7371e682da86828722ddf5126f3d1"
  integrity sha512-vavXMChDUb4Oh4YunrK9BrH5Ox74cu0eOp0VuyI/iqFz1FqbWD72So2c9I87lLL2n0+6tFPV5ijow60KrtxuZg==
  dependencies:
    esbuild "^0.13.2"
    postcss "^8.3.8"
    resolve "^1.20.0"
    rollup "^2.57.0"
  optionalDependencies:
    fsevents "~2.3.2"

vitepress@0.20.0:
  version "0.20.0"
  resolved "https://registry.yarnpkg.com/vitepress/-/vitepress-0.20.0.tgz#eb4f86abb7a90e9dc52c595fb5cc63ca2b717c60"
  integrity sha512-+PZy1BAWha46hcaWqhB1Vet+2dwhebTnk900ZzrAgLiw4Dx0dQpnMRnDlrp5HR8fgmLNB1Ij9PJO4gh4tvb6gQ==
  dependencies:
    "@docsearch/css" "^1.0.0-alpha.28"
    "@docsearch/js" "^1.0.0-alpha.28"
    "@vitejs/plugin-vue" "^1.9.0"
    prismjs "^1.25.0"
    vite "^2.6.5"
    vue "^3.2.19"

vue@^3.2.19:
  version "3.2.20"
  resolved "https://registry.yarnpkg.com/vue/-/vue-3.2.20.tgz#940f8aa8bf3e3be78243ca582bad41fcd45ae3e6"
  integrity sha512-81JjEP4OGk9oO8+CU0h2nFPGgJBm9mNa3kdCX2k6FuRdrWrC+CNe+tOnuIeTg8EWwQuI+wwdra5Q7vSzp7p4Iw==
  dependencies:
    "@vue/compiler-dom" "3.2.20"
    "@vue/compiler-sfc" "3.2.20"
    "@vue/runtime-dom" "3.2.20"
    "@vue/server-renderer" "3.2.20"
    "@vue/shared" "3.2.20"
