{
  "requires": true,
  "lockfileVersion": 1,
  "dependencies": {
    "@cloudflare/kv-asset-handler": {
      "version": "0.0.12",
      "resolved": "https://registry.npmjs.org/@cloudflare/kv-asset-handler/-/kv-asset-handler-0.0.12.tgz",
      "integrity": "sha512-3XCs9TRhQh/yUs1ST9cIMLB8C5c1JRKcDYTPJbAmcgI0kO2FPCSZz+kyNb9x25DuGQeqOMMwmxHPtiOfTki/Gw==",
      "requires": {
        "@cloudflare/workers-types": "^2.0.0",
        "@types/mime": "^2.0.2",
        "mime": "^2.4.6"
      }
    },
    "@cloudflare/workers-types": {
      "version": "2.1.0",
      "resolved": "https://registry.npmjs.org/@cloudflare/workers-types/-/workers-types-2.1.0.tgz",
      "integrity": "sha512-VmXaHTq0lt6Xre4aK1hUK25hjZjuEUkHtdUEt0FJamv+NzQO54Gwp6Zr5Cfu6SP5EQ/tTmTMP/tK9npA8zhcCg=="
    },
    "@types/mime": {
      "version": "2.0.3",
      "resolved": "https://registry.npmjs.org/@types/mime/-/mime-2.0.3.tgz",
      "integrity": "sha512-Jus9s4CDbqwocc5pOAnh8ShfrnMcPHuJYzVcSUU7lrh8Ni5HuIqX3oilL86p3dlTrk0LzHRCgA/GQ7uNCw6l2Q=="
    },
    "mime": {
      "version": "2.4.6",
      "resolved": "https://registry.npmjs.org/mime/-/mime-2.4.6.tgz",
      "integrity": "sha512-RZKhC3EmpBchfTGBVb8fb+RL2cWyw/32lshnsETttkBAyAUXSGHxbEJWWRXc751DrIxG1q04b8QwMbAwkRPpUA=="
    }
  }
}
